
Microsoft Visual Studio Solution File, Format Version 12.00
# Visual Studio 15
VisualStudioVersion = 15.0.26430.15
MinimumVisualStudioVersion = 10.0.40219.1
Project("{D954291E-2A0B-460D-934E-DC6B0785DB48}") = "Code_13", "Code 13\Code_13\Code_13.shproj", "{F9493E21-FEEE-4CA6-9720-6ABBCC2F5D33}"
EndProject
Project("{FAE04EC0-301F-11D3-BF4B-00C04F79EFBC}") = "Code_13.Android", "Code 13\Code_13.Android\Code_13.Android.csproj", "{F3EF54A3-2CAE-4270-9DD3-B1D98372E18D}"
EndProject
Project("{FAE04EC0-301F-11D3-BF4B-00C04F79EFBC}") = "Code_13.iOS", "Code 13\Code_13.iOS\Code_13.iOS.csproj", "{BBCA455B-86A1-4F0A-9BC0-E5B176A2D99F}"
EndProject
Project("{FAE04EC0-301F-11D3-BF4B-00C04F79EFBC}") = "Code_13.UWP", "Code 13\Code_13.UWP\Code_13.UWP.csproj", "{626DEB67-8445-4861-B55C-EEC50EFE421B}"
EndProject
Global
	GlobalSection(SharedMSBuildProjectFiles) = preSolution
		Code 13\Code_13\Code_13.projitems*{bbca455b-86a1-4f0a-9bc0-e5b176a2d99f}*SharedItemsImports = 4
		Code 13\Code_13\Code_13.projitems*{f3ef54a3-2cae-4270-9dd3-b1d98372e18d}*SharedItemsImports = 4
		Code 13\Code_13\Code_13.projitems*{f9493e21-feee-4ca6-9720-6abbcc2f5d33}*SharedItemsImports = 13
	EndGlobalSection
	GlobalSection(SolutionConfigurationPlatforms) = preSolution
		Ad-Hoc|Any CPU = Ad-Hoc|Any CPU
		Ad-Hoc|ARM = Ad-Hoc|ARM
		Ad-Hoc|iPhone = Ad-Hoc|iPhone
		Ad-Hoc|iPhoneSimulator = Ad-Hoc|iPhoneSimulator
		Ad-Hoc|x64 = Ad-Hoc|x64
		Ad-Hoc|x86 = Ad-Hoc|x86
		AppStore|Any CPU = AppStore|Any CPU
		AppStore|ARM = AppStore|ARM
		AppStore|iPhone = AppStore|iPhone
		AppStore|iPhoneSimulator = AppStore|iPhoneSimulator
		AppStore|x64 = AppStore|x64
		AppStore|x86 = AppStore|x86
		Debug|Any CPU = Debug|Any CPU
		Debug|ARM = Debug|ARM
		Debug|iPhone = Debug|iPhone
		Debug|iPhoneSimulator = Debug|iPhoneSimulator
		Debug|x64 = Debug|x64
		Debug|x86 = Debug|x86
		Release|Any CPU = Release|Any CPU
		Release|ARM = Release|ARM
		Release|iPhone = Release|iPhone
		Release|iPhoneSimulator = Release|iPhoneSimulator
		Release|x64 = Release|x64
		Release|x86 = Release|x86
	EndGlobalSection
	GlobalSection(ProjectConfigurationPlatforms) = postSolution
		{F3EF54A3-2CAE-4270-9DD3-B1D98372E18D}.Ad-Hoc|Any CPU.ActiveCfg = Release|Any CPU
		{F3EF54A3-2CAE-4270-9DD3-B1D98372E18D}.Ad-Hoc|Any CPU.Build.0 = Release|Any CPU
		{F3EF54A3-2CAE-4270-9DD3-B1D98372E18D}.Ad-Hoc|Any CPU.Deploy.0 = Release|Any CPU
		{F3EF54A3-2CAE-4270-9DD3-B1D98372E18D}.Ad-Hoc|ARM.ActiveCfg = Release|Any CPU
		{F3EF54A3-2CAE-4270-9DD3-B1D98372E18D}.Ad-Hoc|ARM.Build.0 = Release|Any CPU
		{F3EF54A3-2CAE-4270-9DD3-B1D98372E18D}.Ad-Hoc|ARM.Deploy.0 = Release|Any CPU
		{F3EF54A3-2CAE-4270-9DD3-B1D98372E18D}.Ad-Hoc|iPhone.ActiveCfg = Release|Any CPU
		{F3EF54A3-2CAE-4270-9DD3-B1D98372E18D}.Ad-Hoc|iPhone.Build.0 = Release|Any CPU
		{F3EF54A3-2CAE-4270-9DD3-B1D98372E18D}.Ad-Hoc|iPhone.Deploy.0 = Release|Any CPU
		{F3EF54A3-2CAE-4270-9DD3-B1D98372E18D}.Ad-Hoc|iPhoneSimulator.ActiveCfg = Release|Any CPU
		{F3EF54A3-2CAE-4270-9DD3-B1D98372E18D}.Ad-Hoc|iPhoneSimulator.Build.0 = Release|Any CPU
		{F3EF54A3-2CAE-4270-9DD3-B1D98372E18D}.Ad-Hoc|iPhoneSimulator.Deploy.0 = Release|Any CPU
		{F3EF54A3-2CAE-4270-9DD3-B1D98372E18D}.Ad-Hoc|x64.ActiveCfg = Release|Any CPU
		{F3EF54A3-2CAE-4270-9DD3-B1D98372E18D}.Ad-Hoc|x64.Build.0 = Release|Any CPU
		{F3EF54A3-2CAE-4270-9DD3-B1D98372E18D}.Ad-Hoc|x64.Deploy.0 = Release|Any CPU
		{F3EF54A3-2CAE-4270-9DD3-B1D98372E18D}.Ad-Hoc|x86.ActiveCfg = Release|Any CPU
		{F3EF54A3-2CAE-4270-9DD3-B1D98372E18D}.Ad-Hoc|x86.Build.0 = Release|Any CPU
		{F3EF54A3-2CAE-4270-9DD3-B1D98372E18D}.Ad-Hoc|x86.Deploy.0 = Release|Any CPU
		{F3EF54A3-2CAE-4270-9DD3-B1D98372E18D}.AppStore|Any CPU.ActiveCfg = Release|Any CPU
		{F3EF54A3-2CAE-4270-9DD3-B1D98372E18D}.AppStore|Any CPU.Build.0 = Release|Any CPU
		{F3EF54A3-2CAE-4270-9DD3-B1D98372E18D}.AppStore|Any CPU.Deploy.0 = Release|Any CPU
		{F3EF54A3-2CAE-4270-9DD3-B1D98372E18D}.AppStore|ARM.ActiveCfg = Release|Any CPU
		{F3EF54A3-2CAE-4270-9DD3-B1D98372E18D}.AppStore|ARM.Build.0 = Release|Any CPU
		{F3EF54A3-2CAE-4270-9DD3-B1D98372E18D}.AppStore|ARM.Deploy.0 = Release|Any CPU
		{F3EF54A3-2CAE-4270-9DD3-B1D98372E18D}.AppStore|iPhone.ActiveCfg = Release|Any CPU
		{F3EF54A3-2CAE-4270-9DD3-B1D98372E18D}.AppStore|iPhone.Build.0 = Release|Any CPU
		{F3EF54A3-2CAE-4270-9DD3-B1D98372E18D}.AppStore|iPhone.Deploy.0 = Release|Any CPU
		{F3EF54A3-2CAE-4270-9DD3-B1D98372E18D}.AppStore|iPhoneSimulator.ActiveCfg = Release|Any CPU
		{F3EF54A3-2CAE-4270-9DD3-B1D98372E18D}.AppStore|iPhoneSimulator.Build.0 = Release|Any CPU
		{F3EF54A3-2CAE-4270-9DD3-B1D98372E18D}.AppStore|iPhoneSimulator.Deploy.0 = Release|Any CPU
		{F3EF54A3-2CAE-4270-9DD3-B1D98372E18D}.AppStore|x64.ActiveCfg = Release|Any CPU
		{F3EF54A3-2CAE-4270-9DD3-B1D98372E18D}.AppStore|x64.Build.0 = Release|Any CPU
		{F3EF54A3-2CAE-4270-9DD3-B1D98372E18D}.AppStore|x64.Deploy.0 = Release|Any CPU
		{F3EF54A3-2CAE-4270-9DD3-B1D98372E18D}.AppStore|x86.ActiveCfg = Release|Any CPU
		{F3EF54A3-2CAE-4270-9DD3-B1D98372E18D}.AppStore|x86.Build.0 = Release|Any CPU
		{F3EF54A3-2CAE-4270-9DD3-B1D98372E18D}.AppStore|x86.Deploy.0 = Release|Any CPU
		{F3EF54A3-2CAE-4270-9DD3-B1D98372E18D}.Debug|Any CPU.ActiveCfg = Debug|Any CPU
		{F3EF54A3-2CAE-4270-9DD3-B1D98372E18D}.Debug|Any CPU.Build.0 = Debug|Any CPU
		{F3EF54A3-2CAE-4270-9DD3-B1D98372E18D}.Debug|Any CPU.Deploy.0 = Debug|Any CPU
		{F3EF54A3-2CAE-4270-9DD3-B1D98372E18D}.Debug|ARM.ActiveCfg = Debug|Any CPU
		{F3EF54A3-2CAE-4270-9DD3-B1D98372E18D}.Debug|ARM.Build.0 = Debug|Any CPU
		{F3EF54A3-2CAE-4270-9DD3-B1D98372E18D}.Debug|ARM.Deploy.0 = Debug|Any CPU
		{F3EF54A3-2CAE-4270-9DD3-B1D98372E18D}.Debug|iPhone.ActiveCfg = Debug|Any CPU
		{F3EF54A3-2CAE-4270-9DD3-B1D98372E18D}.Debug|iPhone.Build.0 = Debug|Any CPU
		{F3EF54A3-2CAE-4270-9DD3-B1D98372E18D}.Debug|iPhone.Deploy.0 = Debug|Any CPU
		{F3EF54A3-2CAE-4270-9DD3-B1D98372E18D}.Debug|iPhoneSimulator.ActiveCfg = Debug|Any CPU
		{F3EF54A3-2CAE-4270-9DD3-B1D98372E18D}.Debug|iPhoneSimulator.Build.0 = Debug|Any CPU
		{F3EF54A3-2CAE-4270-9DD3-B1D98372E18D}.Debug|iPhoneSimulator.Deploy.0 = Debug|Any CPU
		{F3EF54A3-2CAE-4270-9DD3-B1D98372E18D}.Debug|x64.ActiveCfg = Debug|Any CPU
		{F3EF54A3-2CAE-4270-9DD3-B1D98372E18D}.Debug|x64.Build.0 = Debug|Any CPU
		{F3EF54A3-2CAE-4270-9DD3-B1D98372E18D}.Debug|x64.Deploy.0 = Debug|Any CPU
		{F3EF54A3-2CAE-4270-9DD3-B1D98372E18D}.Debug|x86.ActiveCfg = Debug|Any CPU
		{F3EF54A3-2CAE-4270-9DD3-B1D98372E18D}.Debug|x86.Build.0 = Debug|Any CPU
		{F3EF54A3-2CAE-4270-9DD3-B1D98372E18D}.Debug|x86.Deploy.0 = Debug|Any CPU
		{F3EF54A3-2CAE-4270-9DD3-B1D98372E18D}.Release|Any CPU.ActiveCfg = Release|Any CPU
		{F3EF54A3-2CAE-4270-9DD3-B1D98372E18D}.Release|Any CPU.Build.0 = Release|Any CPU
		{F3EF54A3-2CAE-4270-9DD3-B1D98372E18D}.Release|Any CPU.Deploy.0 = Release|Any CPU
		{F3EF54A3-2CAE-4270-9DD3-B1D98372E18D}.Release|ARM.ActiveCfg = Release|Any CPU
		{F3EF54A3-2CAE-4270-9DD3-B1D98372E18D}.Release|ARM.Build.0 = Release|Any CPU
		{F3EF54A3-2CAE-4270-9DD3-B1D98372E18D}.Release|ARM.Deploy.0 = Release|Any CPU
		{F3EF54A3-2CAE-4270-9DD3-B1D98372E18D}.Release|iPhone.ActiveCfg = Release|Any CPU
		{F3EF54A3-2CAE-4270-9DD3-B1D98372E18D}.Release|iPhone.Build.0 = Release|Any CPU
		{F3EF54A3-2CAE-4270-9DD3-B1D98372E18D}.Release|iPhone.Deploy.0 = Release|Any CPU
		{F3EF54A3-2CAE-4270-9DD3-B1D98372E18D}.Release|iPhoneSimulator.ActiveCfg = Release|Any CPU
		{F3EF54A3-2CAE-4270-9DD3-B1D98372E18D}.Release|iPhoneSimulator.Build.0 = Release|Any CPU
		{F3EF54A3-2CAE-4270-9DD3-B1D98372E18D}.Release|iPhoneSimulator.Deploy.0 = Release|Any CPU
		{F3EF54A3-2CAE-4270-9DD3-B1D98372E18D}.Release|x64.ActiveCfg = Release|Any CPU
		{F3EF54A3-2CAE-4270-9DD3-B1D98372E18D}.Release|x64.Build.0 = Release|Any CPU
		{F3EF54A3-2CAE-4270-9DD3-B1D98372E18D}.Release|x64.Deploy.0 = Release|Any CPU
		{F3EF54A3-2CAE-4270-9DD3-B1D98372E18D}.Release|x86.ActiveCfg = Release|Any CPU
		{F3EF54A3-2CAE-4270-9DD3-B1D98372E18D}.Release|x86.Build.0 = Release|Any CPU
		{F3EF54A3-2CAE-4270-9DD3-B1D98372E18D}.Release|x86.Deploy.0 = Release|Any CPU
		{BBCA455B-86A1-4F0A-9BC0-E5B176A2D99F}.Ad-Hoc|Any CPU.ActiveCfg = Ad-Hoc|iPhone
		{BBCA455B-86A1-4F0A-9BC0-E5B176A2D99F}.Ad-Hoc|ARM.ActiveCfg = Ad-Hoc|iPhone
		{BBCA455B-86A1-4F0A-9BC0-E5B176A2D99F}.Ad-Hoc|iPhone.ActiveCfg = Ad-Hoc|iPhone
		{BBCA455B-86A1-4F0A-9BC0-E5B176A2D99F}.Ad-Hoc|iPhone.Build.0 = Ad-Hoc|iPhone
		{BBCA455B-86A1-4F0A-9BC0-E5B176A2D99F}.Ad-Hoc|iPhoneSimulator.ActiveCfg = Ad-Hoc|iPhoneSimulator
		{BBCA455B-86A1-4F0A-9BC0-E5B176A2D99F}.Ad-Hoc|iPhoneSimulator.Build.0 = Ad-Hoc|iPhoneSimulator
		{BBCA455B-86A1-4F0A-9BC0-E5B176A2D99F}.Ad-Hoc|x64.ActiveCfg = Ad-Hoc|iPhone
		{BBCA455B-86A1-4F0A-9BC0-E5B176A2D99F}.Ad-Hoc|x86.ActiveCfg = Ad-Hoc|iPhone
		{BBCA455B-86A1-4F0A-9BC0-E5B176A2D99F}.AppStore|Any CPU.ActiveCfg = AppStore|iPhone
		{BBCA455B-86A1-4F0A-9BC0-E5B176A2D99F}.AppStore|ARM.ActiveCfg = AppStore|iPhone
		{BBCA455B-86A1-4F0A-9BC0-E5B176A2D99F}.AppStore|iPhone.ActiveCfg = AppStore|iPhone
		{BBCA455B-86A1-4F0A-9BC0-E5B176A2D99F}.AppStore|iPhone.Build.0 = AppStore|iPhone
		{BBCA455B-86A1-4F0A-9BC0-E5B176A2D99F}.AppStore|iPhoneSimulator.ActiveCfg = AppStore|iPhoneSimulator
		{BBCA455B-86A1-4F0A-9BC0-E5B176A2D99F}.AppStore|iPhoneSimulator.Build.0 = AppStore|iPhoneSimulator
		{BBCA455B-86A1-4F0A-9BC0-E5B176A2D99F}.AppStore|x64.ActiveCfg = AppStore|iPhone
		{BBCA455B-86A1-4F0A-9BC0-E5B176A2D99F}.AppStore|x86.ActiveCfg = AppStore|iPhone
		{BBCA455B-86A1-4F0A-9BC0-E5B176A2D99F}.Debug|Any CPU.ActiveCfg = Debug|iPhone
		{BBCA455B-86A1-4F0A-9BC0-E5B176A2D99F}.Debug|ARM.ActiveCfg = Debug|iPhone
		{BBCA455B-86A1-4F0A-9BC0-E5B176A2D99F}.Debug|iPhone.ActiveCfg = Debug|iPhone
		{BBCA455B-86A1-4F0A-9BC0-E5B176A2D99F}.Debug|iPhone.Build.0 = Debug|iPhone
		{BBCA455B-86A1-4F0A-9BC0-E5B176A2D99F}.Debug|iPhoneSimulator.ActiveCfg = Debug|iPhoneSimulator
		{BBCA455B-86A1-4F0A-9BC0-E5B176A2D99F}.Debug|iPhoneSimulator.Build.0 = Debug|iPhoneSimulator
		{BBCA455B-86A1-4F0A-9BC0-E5B176A2D99F}.Debug|x64.ActiveCfg = Debug|iPhone
		{BBCA455B-86A1-4F0A-9BC0-E5B176A2D99F}.Debug|x86.ActiveCfg = Debug|iPhone
		{BBCA455B-86A1-4F0A-9BC0-E5B176A2D99F}.Release|Any CPU.ActiveCfg = Release|iPhone
		{BBCA455B-86A1-4F0A-9BC0-E5B176A2D99F}.Release|ARM.ActiveCfg = Release|iPhone
		{BBCA455B-86A1-4F0A-9BC0-E5B176A2D99F}.Release|iPhone.ActiveCfg = Release|iPhone
		{BBCA455B-86A1-4F0A-9BC0-E5B176A2D99F}.Release|iPhone.Build.0 = Release|iPhone
		{BBCA455B-86A1-4F0A-9BC0-E5B176A2D99F}.Release|iPhoneSimulator.ActiveCfg = Release|iPhoneSimulator
		{BBCA455B-86A1-4F0A-9BC0-E5B176A2D99F}.Release|iPhoneSimulator.Build.0 = Release|iPhoneSimulator
		{BBCA455B-86A1-4F0A-9BC0-E5B176A2D99F}.Release|x64.ActiveCfg = Release|iPhone
		{BBCA455B-86A1-4F0A-9BC0-E5B176A2D99F}.Release|x86.ActiveCfg = Release|iPhone
		{626DEB67-8445-4861-B55C-EEC50EFE421B}.Ad-Hoc|Any CPU.ActiveCfg = Release|x86
		{626DEB67-8445-4861-B55C-EEC50EFE421B}.Ad-Hoc|Any CPU.Build.0 = Release|x86
		{626DEB67-8445-4861-B55C-EEC50EFE421B}.Ad-Hoc|Any CPU.Deploy.0 = Release|x86
		{626DEB67-8445-4861-B55C-EEC50EFE421B}.Ad-Hoc|ARM.ActiveCfg = Release|ARM
		{626DEB67-8445-4861-B55C-EEC50EFE421B}.Ad-Hoc|ARM.Build.0 = Release|ARM
		{626DEB67-8445-4861-B55C-EEC50EFE421B}.Ad-Hoc|ARM.Deploy.0 = Release|ARM
		{626DEB67-8445-4861-B55C-EEC50EFE421B}.Ad-Hoc|iPhone.ActiveCfg = Release|x86
		{626DEB67-8445-4861-B55C-EEC50EFE421B}.Ad-Hoc|iPhone.Build.0 = Release|x86
		{626DEB67-8445-4861-B55C-EEC50EFE421B}.Ad-Hoc|iPhone.Deploy.0 = Release|x86
		{626DEB67-8445-4861-B55C-EEC50EFE421B}.Ad-Hoc|iPhoneSimulator.ActiveCfg = Release|x86
		{626DEB67-8445-4861-B55C-EEC50EFE421B}.Ad-Hoc|iPhoneSimulator.Build.0 = Release|x86
		{626DEB67-8445-4861-B55C-EEC50EFE421B}.Ad-Hoc|iPhoneSimulator.Deploy.0 = Release|x86
		{626DEB67-8445-4861-B55C-EEC50EFE421B}.Ad-Hoc|x64.ActiveCfg = Release|x64
		{626DEB67-8445-4861-B55C-EEC50EFE421B}.Ad-Hoc|x64.Build.0 = Release|x64
		{626DEB67-8445-4861-B55C-EEC50EFE421B}.Ad-Hoc|x64.Deploy.0 = Release|x64
		{626DEB67-8445-4861-B55C-EEC50EFE421B}.Ad-Hoc|x86.ActiveCfg = Release|x86
		{626DEB67-8445-4861-B55C-EEC50EFE421B}.Ad-Hoc|x86.Build.0 = Release|x86
		{626DEB67-8445-4861-B55C-EEC50EFE421B}.Ad-Hoc|x86.Deploy.0 = Release|x86
		{626DEB67-8445-4861-B55C-EEC50EFE421B}.AppStore|Any CPU.ActiveCfg = Release|x86
		{626DEB67-8445-4861-B55C-EEC50EFE421B}.AppStore|Any CPU.Build.0 = Release|x86
		{626DEB67-8445-4861-B55C-EEC50EFE421B}.AppStore|Any CPU.Deploy.0 = Release|x86
		{626DEB67-8445-4861-B55C-EEC50EFE421B}.AppStore|ARM.ActiveCfg = Release|ARM
		{626DEB67-8445-4861-B55C-EEC50EFE421B}.AppStore|ARM.Build.0 = Release|ARM
		{626DEB67-8445-4861-B55C-EEC50EFE421B}.AppStore|ARM.Deploy.0 = Release|ARM
		{626DEB67-8445-4861-B55C-EEC50EFE421B}.AppStore|iPhone.ActiveCfg = Release|x86
		{626DEB67-8445-4861-B55C-EEC50EFE421B}.AppStore|iPhone.Build.0 = Release|x86
		{626DEB67-8445-4861-B55C-EEC50EFE421B}.AppStore|iPhone.Deploy.0 = Release|x86
		{626DEB67-8445-4861-B55C-EEC50EFE421B}.AppStore|iPhoneSimulator.ActiveCfg = Release|x86
		{626DEB67-8445-4861-B55C-EEC50EFE421B}.AppStore|iPhoneSimulator.Build.0 = Release|x86
		{626DEB67-8445-4861-B55C-EEC50EFE421B}.AppStore|iPhoneSimulator.Deploy.0 = Release|x86
		{626DEB67-8445-4861-B55C-EEC50EFE421B}.AppStore|x64.ActiveCfg = Release|x64
		{626DEB67-8445-4861-B55C-EEC50EFE421B}.AppStore|x64.Build.0 = Release|x64
		{626DEB67-8445-4861-B55C-EEC50EFE421B}.AppStore|x64.Deploy.0 = Release|x64
		{626DEB67-8445-4861-B55C-EEC50EFE421B}.AppStore|x86.ActiveCfg = Release|x86
		{626DEB67-8445-4861-B55C-EEC50EFE421B}.AppStore|x86.Build.0 = Release|x86
		{626DEB67-8445-4861-B55C-EEC50EFE421B}.AppStore|x86.Deploy.0 = Release|x86
		{626DEB67-8445-4861-B55C-EEC50EFE421B}.Debug|Any CPU.ActiveCfg = Debug|x86
		{626DEB67-8445-4861-B55C-EEC50EFE421B}.Debug|ARM.ActiveCfg = Debug|ARM
		{626DEB67-8445-4861-B55C-EEC50EFE421B}.Debug|ARM.Build.0 = Debug|ARM
		{626DEB67-8445-4861-B55C-EEC50EFE421B}.Debug|ARM.Deploy.0 = Debug|ARM
		{626DEB67-8445-4861-B55C-EEC50EFE421B}.Debug|iPhone.ActiveCfg = Debug|x86
		{626DEB67-8445-4861-B55C-EEC50EFE421B}.Debug|iPhoneSimulator.ActiveCfg = Debug|x86
		{626DEB67-8445-4861-B55C-EEC50EFE421B}.Debug|x64.ActiveCfg = Debug|x64
		{626DEB67-8445-4861-B55C-EEC50EFE421B}.Debug|x64.Build.0 = Debug|x64
		{626DEB67-8445-4861-B55C-EEC50EFE421B}.Debug|x64.Deploy.0 = Debug|x64
		{626DEB67-8445-4861-B55C-EEC50EFE421B}.Debug|x86.ActiveCfg = Debug|x86
		{626DEB67-8445-4861-B55C-EEC50EFE421B}.Debug|x86.Build.0 = Debug|x86
		{626DEB67-8445-4861-B55C-EEC50EFE421B}.Debug|x86.Deploy.0 = Debug|x86
		{626DEB67-8445-4861-B55C-EEC50EFE421B}.Release|Any CPU.ActiveCfg = Release|x86
		{626DEB67-8445-4861-B55C-EEC50EFE421B}.Release|ARM.ActiveCfg = Release|ARM
		{626DEB67-8445-4861-B55C-EEC50EFE421B}.Release|ARM.Build.0 = Release|ARM
		{626DEB67-8445-4861-B55C-EEC50EFE421B}.Release|ARM.Deploy.0 = Release|ARM
		{626DEB67-8445-4861-B55C-EEC50EFE421B}.Release|iPhone.ActiveCfg = Release|x86
		{626DEB67-8445-4861-B55C-EEC50EFE421B}.Release|iPhoneSimulator.ActiveCfg = Release|x86
		{626DEB67-8445-4861-B55C-EEC50EFE421B}.Release|x64.ActiveCfg = Release|x64
		{626DEB67-8445-4861-B55C-EEC50EFE421B}.Release|x64.Build.0 = Release|x64
		{626DEB67-8445-4861-B55C-EEC50EFE421B}.Release|x64.Deploy.0 = Release|x64
		{626DEB67-8445-4861-B55C-EEC50EFE421B}.Release|x86.ActiveCfg = Release|x86
		{626DEB67-8445-4861-B55C-EEC50EFE421B}.Release|x86.Build.0 = Release|x86
		{626DEB67-8445-4861-B55C-EEC50EFE421B}.Release|x86.Deploy.0 = Release|x86
	EndGlobalSection
	GlobalSection(SolutionProperties) = preSolution
		HideSolutionNode = FALSE
	EndGlobalSection
EndGlobal
