
Microsoft Visual Studio Solution File, Format Version 12.00
# Visual Studio 15
VisualStudioVersion = 15.0.26430.15
MinimumVisualStudioVersion = 10.0.40219.1
Project("{D954291E-2A0B-460D-934E-DC6B0785DB48}") = "Code_03", "Code 03\Code_03\Code_03.shproj", "{09C92B6A-6A94-42AB-8A59-6DF888CA3140}"
EndProject
Project("{FAE04EC0-301F-11D3-BF4B-00C04F79EFBC}") = "Code_03.Android", "Code 03\Code_03.Android\Code_03.Android.csproj", "{DFFAEDDA-14D5-4146-A39B-A18FF046BEB4}"
EndProject
Project("{FAE04EC0-301F-11D3-BF4B-00C04F79EFBC}") = "Code_03.iOS", "Code 03\Code_03.iOS\Code_03.iOS.csproj", "{88EA6CB1-B9CC-4C5D-8997-12160BDE0883}"
EndProject
Global
	GlobalSection(SharedMSBuildProjectFiles) = preSolution
		Code 03\Code_03\Code_03.projitems*{09c92b6a-6a94-42ab-8a59-6df888ca3140}*SharedItemsImports = 13
		Code 03\Code_03\Code_03.projitems*{88ea6cb1-b9cc-4c5d-8997-12160bde0883}*SharedItemsImports = 4
		Code 03\Code_03\Code_03.projitems*{dffaedda-14d5-4146-a39b-a18ff046beb4}*SharedItemsImports = 4
	EndGlobalSection
	GlobalSection(SolutionConfigurationPlatforms) = preSolution
		Ad-Hoc|Any CPU = Ad-Hoc|Any CPU
		Ad-Hoc|iPhone = Ad-Hoc|iPhone
		Ad-Hoc|iPhoneSimulator = Ad-Hoc|iPhoneSimulator
		AppStore|Any CPU = AppStore|Any CPU
		AppStore|iPhone = AppStore|iPhone
		AppStore|iPhoneSimulator = AppStore|iPhoneSimulator
		Debug|Any CPU = Debug|Any CPU
		Debug|iPhone = Debug|iPhone
		Debug|iPhoneSimulator = Debug|iPhoneSimulator
		Release|Any CPU = Release|Any CPU
		Release|iPhone = Release|iPhone
		Release|iPhoneSimulator = Release|iPhoneSimulator
	EndGlobalSection
	GlobalSection(ProjectConfigurationPlatforms) = postSolution
		{DFFAEDDA-14D5-4146-A39B-A18FF046BEB4}.Ad-Hoc|Any CPU.ActiveCfg = Release|Any CPU
		{DFFAEDDA-14D5-4146-A39B-A18FF046BEB4}.Ad-Hoc|Any CPU.Build.0 = Release|Any CPU
		{DFFAEDDA-14D5-4146-A39B-A18FF046BEB4}.Ad-Hoc|Any CPU.Deploy.0 = Release|Any CPU
		{DFFAEDDA-14D5-4146-A39B-A18FF046BEB4}.Ad-Hoc|iPhone.ActiveCfg = Release|Any CPU
		{DFFAEDDA-14D5-4146-A39B-A18FF046BEB4}.Ad-Hoc|iPhone.Build.0 = Release|Any CPU
		{DFFAEDDA-14D5-4146-A39B-A18FF046BEB4}.Ad-Hoc|iPhone.Deploy.0 = Release|Any CPU
		{DFFAEDDA-14D5-4146-A39B-A18FF046BEB4}.Ad-Hoc|iPhoneSimulator.ActiveCfg = Release|Any CPU
		{DFFAEDDA-14D5-4146-A39B-A18FF046BEB4}.Ad-Hoc|iPhoneSimulator.Build.0 = Release|Any CPU
		{DFFAEDDA-14D5-4146-A39B-A18FF046BEB4}.Ad-Hoc|iPhoneSimulator.Deploy.0 = Release|Any CPU
		{DFFAEDDA-14D5-4146-A39B-A18FF046BEB4}.AppStore|Any CPU.ActiveCfg = Release|Any CPU
		{DFFAEDDA-14D5-4146-A39B-A18FF046BEB4}.AppStore|Any CPU.Build.0 = Release|Any CPU
		{DFFAEDDA-14D5-4146-A39B-A18FF046BEB4}.AppStore|Any CPU.Deploy.0 = Release|Any CPU
		{DFFAEDDA-14D5-4146-A39B-A18FF046BEB4}.AppStore|iPhone.ActiveCfg = Release|Any CPU
		{DFFAEDDA-14D5-4146-A39B-A18FF046BEB4}.AppStore|iPhone.Build.0 = Release|Any CPU
		{DFFAEDDA-14D5-4146-A39B-A18FF046BEB4}.AppStore|iPhone.Deploy.0 = Release|Any CPU
		{DFFAEDDA-14D5-4146-A39B-A18FF046BEB4}.AppStore|iPhoneSimulator.ActiveCfg = Release|Any CPU
		{DFFAEDDA-14D5-4146-A39B-A18FF046BEB4}.AppStore|iPhoneSimulator.Build.0 = Release|Any CPU
		{DFFAEDDA-14D5-4146-A39B-A18FF046BEB4}.AppStore|iPhoneSimulator.Deploy.0 = Release|Any CPU
		{DFFAEDDA-14D5-4146-A39B-A18FF046BEB4}.Debug|Any CPU.ActiveCfg = Debug|Any CPU
		{DFFAEDDA-14D5-4146-A39B-A18FF046BEB4}.Debug|Any CPU.Build.0 = Debug|Any CPU
		{DFFAEDDA-14D5-4146-A39B-A18FF046BEB4}.Debug|Any CPU.Deploy.0 = Debug|Any CPU
		{DFFAEDDA-14D5-4146-A39B-A18FF046BEB4}.Debug|iPhone.ActiveCfg = Debug|Any CPU
		{DFFAEDDA-14D5-4146-A39B-A18FF046BEB4}.Debug|iPhone.Build.0 = Debug|Any CPU
		{DFFAEDDA-14D5-4146-A39B-A18FF046BEB4}.Debug|iPhone.Deploy.0 = Debug|Any CPU
		{DFFAEDDA-14D5-4146-A39B-A18FF046BEB4}.Debug|iPhoneSimulator.ActiveCfg = Debug|Any CPU
		{DFFAEDDA-14D5-4146-A39B-A18FF046BEB4}.Debug|iPhoneSimulator.Build.0 = Debug|Any CPU
		{DFFAEDDA-14D5-4146-A39B-A18FF046BEB4}.Debug|iPhoneSimulator.Deploy.0 = Debug|Any CPU
		{DFFAEDDA-14D5-4146-A39B-A18FF046BEB4}.Release|Any CPU.ActiveCfg = Release|Any CPU
		{DFFAEDDA-14D5-4146-A39B-A18FF046BEB4}.Release|Any CPU.Build.0 = Release|Any CPU
		{DFFAEDDA-14D5-4146-A39B-A18FF046BEB4}.Release|Any CPU.Deploy.0 = Release|Any CPU
		{DFFAEDDA-14D5-4146-A39B-A18FF046BEB4}.Release|iPhone.ActiveCfg = Release|Any CPU
		{DFFAEDDA-14D5-4146-A39B-A18FF046BEB4}.Release|iPhone.Build.0 = Release|Any CPU
		{DFFAEDDA-14D5-4146-A39B-A18FF046BEB4}.Release|iPhone.Deploy.0 = Release|Any CPU
		{DFFAEDDA-14D5-4146-A39B-A18FF046BEB4}.Release|iPhoneSimulator.ActiveCfg = Release|Any CPU
		{DFFAEDDA-14D5-4146-A39B-A18FF046BEB4}.Release|iPhoneSimulator.Build.0 = Release|Any CPU
		{DFFAEDDA-14D5-4146-A39B-A18FF046BEB4}.Release|iPhoneSimulator.Deploy.0 = Release|Any CPU
		{88EA6CB1-B9CC-4C5D-8997-12160BDE0883}.Ad-Hoc|Any CPU.ActiveCfg = Ad-Hoc|iPhone
		{88EA6CB1-B9CC-4C5D-8997-12160BDE0883}.Ad-Hoc|iPhone.ActiveCfg = Ad-Hoc|iPhone
		{88EA6CB1-B9CC-4C5D-8997-12160BDE0883}.Ad-Hoc|iPhone.Build.0 = Ad-Hoc|iPhone
		{88EA6CB1-B9CC-4C5D-8997-12160BDE0883}.Ad-Hoc|iPhoneSimulator.ActiveCfg = Ad-Hoc|iPhoneSimulator
		{88EA6CB1-B9CC-4C5D-8997-12160BDE0883}.Ad-Hoc|iPhoneSimulator.Build.0 = Ad-Hoc|iPhoneSimulator
		{88EA6CB1-B9CC-4C5D-8997-12160BDE0883}.AppStore|Any CPU.ActiveCfg = AppStore|iPhone
		{88EA6CB1-B9CC-4C5D-8997-12160BDE0883}.AppStore|iPhone.ActiveCfg = AppStore|iPhone
		{88EA6CB1-B9CC-4C5D-8997-12160BDE0883}.AppStore|iPhone.Build.0 = AppStore|iPhone
		{88EA6CB1-B9CC-4C5D-8997-12160BDE0883}.AppStore|iPhoneSimulator.ActiveCfg = AppStore|iPhoneSimulator
		{88EA6CB1-B9CC-4C5D-8997-12160BDE0883}.AppStore|iPhoneSimulator.Build.0 = AppStore|iPhoneSimulator
		{88EA6CB1-B9CC-4C5D-8997-12160BDE0883}.Debug|Any CPU.ActiveCfg = Debug|iPhone
		{88EA6CB1-B9CC-4C5D-8997-12160BDE0883}.Debug|iPhone.ActiveCfg = Debug|iPhone
		{88EA6CB1-B9CC-4C5D-8997-12160BDE0883}.Debug|iPhone.Build.0 = Debug|iPhone
		{88EA6CB1-B9CC-4C5D-8997-12160BDE0883}.Debug|iPhoneSimulator.ActiveCfg = Debug|iPhoneSimulator
		{88EA6CB1-B9CC-4C5D-8997-12160BDE0883}.Debug|iPhoneSimulator.Build.0 = Debug|iPhoneSimulator
		{88EA6CB1-B9CC-4C5D-8997-12160BDE0883}.Release|Any CPU.ActiveCfg = Release|iPhone
		{88EA6CB1-B9CC-4C5D-8997-12160BDE0883}.Release|iPhone.ActiveCfg = Release|iPhone
		{88EA6CB1-B9CC-4C5D-8997-12160BDE0883}.Release|iPhone.Build.0 = Release|iPhone
		{88EA6CB1-B9CC-4C5D-8997-12160BDE0883}.Release|iPhoneSimulator.ActiveCfg = Release|iPhoneSimulator
		{88EA6CB1-B9CC-4C5D-8997-12160BDE0883}.Release|iPhoneSimulator.Build.0 = Release|iPhoneSimulator
	EndGlobalSection
	GlobalSection(SolutionProperties) = preSolution
		HideSolutionNode = FALSE
	EndGlobalSection
EndGlobal
