
Microsoft Visual Studio Solution File, Format Version 12.00
# Visual Studio 15
VisualStudioVersion = 15.0.26430.15
MinimumVisualStudioVersion = 10.0.40219.1
Project("{D954291E-2A0B-460D-934E-DC6B0785DB48}") = "Code_12", "Code 12\Code_12\Code_12.shproj", "{E5E75B79-C0E8-4EAB-98A2-809F242C4FEC}"
EndProject
Project("{FAE04EC0-301F-11D3-BF4B-00C04F79EFBC}") = "Code_12.Android", "Code 12\Code_12.Android\Code_12.Android.csproj", "{717BC000-2CE2-49EB-B7E6-75A76478DD2B}"
EndProject
Project("{FAE04EC0-301F-11D3-BF4B-00C04F79EFBC}") = "Code_12.iOS", "Code 12\Code_12.iOS\Code_12.iOS.csproj", "{E49B031D-9342-4CCC-B1F7-9996C6023D9C}"
EndProject
Project("{FAE04EC0-301F-11D3-BF4B-00C04F79EFBC}") = "Code_12.UWP", "Code 12\Code_12.UWP\Code_12.UWP.csproj", "{6A59B0BC-E717-4961-A00E-72CCBE87A78A}"
EndProject
Global
	GlobalSection(SharedMSBuildProjectFiles) = preSolution
		Code 12\Code_12\Code_12.projitems*{6a59b0bc-e717-4961-a00e-72ccbe87a78a}*SharedItemsImports = 4
		Code 12\Code_12\Code_12.projitems*{717bc000-2ce2-49eb-b7e6-75a76478dd2b}*SharedItemsImports = 4
		Code 12\Code_12\Code_12.projitems*{e49b031d-9342-4ccc-b1f7-9996c6023d9c}*SharedItemsImports = 4
		Code 12\Code_12\Code_12.projitems*{e5e75b79-c0e8-4eab-98a2-809f242c4fec}*SharedItemsImports = 13
	EndGlobalSection
	GlobalSection(SolutionConfigurationPlatforms) = preSolution
		Ad-Hoc|Any CPU = Ad-Hoc|Any CPU
		Ad-Hoc|ARM = Ad-Hoc|ARM
		Ad-Hoc|iPhone = Ad-Hoc|iPhone
		Ad-Hoc|iPhoneSimulator = Ad-Hoc|iPhoneSimulator
		Ad-Hoc|x64 = Ad-Hoc|x64
		Ad-Hoc|x86 = Ad-Hoc|x86
		AppStore|Any CPU = AppStore|Any CPU
		AppStore|ARM = AppStore|ARM
		AppStore|iPhone = AppStore|iPhone
		AppStore|iPhoneSimulator = AppStore|iPhoneSimulator
		AppStore|x64 = AppStore|x64
		AppStore|x86 = AppStore|x86
		Debug|Any CPU = Debug|Any CPU
		Debug|ARM = Debug|ARM
		Debug|iPhone = Debug|iPhone
		Debug|iPhoneSimulator = Debug|iPhoneSimulator
		Debug|x64 = Debug|x64
		Debug|x86 = Debug|x86
		Release|Any CPU = Release|Any CPU
		Release|ARM = Release|ARM
		Release|iPhone = Release|iPhone
		Release|iPhoneSimulator = Release|iPhoneSimulator
		Release|x64 = Release|x64
		Release|x86 = Release|x86
	EndGlobalSection
	GlobalSection(ProjectConfigurationPlatforms) = postSolution
		{717BC000-2CE2-49EB-B7E6-75A76478DD2B}.Ad-Hoc|Any CPU.ActiveCfg = Release|Any CPU
		{717BC000-2CE2-49EB-B7E6-75A76478DD2B}.Ad-Hoc|Any CPU.Build.0 = Release|Any CPU
		{717BC000-2CE2-49EB-B7E6-75A76478DD2B}.Ad-Hoc|Any CPU.Deploy.0 = Release|Any CPU
		{717BC000-2CE2-49EB-B7E6-75A76478DD2B}.Ad-Hoc|ARM.ActiveCfg = Release|Any CPU
		{717BC000-2CE2-49EB-B7E6-75A76478DD2B}.Ad-Hoc|ARM.Build.0 = Release|Any CPU
		{717BC000-2CE2-49EB-B7E6-75A76478DD2B}.Ad-Hoc|ARM.Deploy.0 = Release|Any CPU
		{717BC000-2CE2-49EB-B7E6-75A76478DD2B}.Ad-Hoc|iPhone.ActiveCfg = Release|Any CPU
		{717BC000-2CE2-49EB-B7E6-75A76478DD2B}.Ad-Hoc|iPhone.Build.0 = Release|Any CPU
		{717BC000-2CE2-49EB-B7E6-75A76478DD2B}.Ad-Hoc|iPhone.Deploy.0 = Release|Any CPU
		{717BC000-2CE2-49EB-B7E6-75A76478DD2B}.Ad-Hoc|iPhoneSimulator.ActiveCfg = Release|Any CPU
		{717BC000-2CE2-49EB-B7E6-75A76478DD2B}.Ad-Hoc|iPhoneSimulator.Build.0 = Release|Any CPU
		{717BC000-2CE2-49EB-B7E6-75A76478DD2B}.Ad-Hoc|iPhoneSimulator.Deploy.0 = Release|Any CPU
		{717BC000-2CE2-49EB-B7E6-75A76478DD2B}.Ad-Hoc|x64.ActiveCfg = Release|Any CPU
		{717BC000-2CE2-49EB-B7E6-75A76478DD2B}.Ad-Hoc|x64.Build.0 = Release|Any CPU
		{717BC000-2CE2-49EB-B7E6-75A76478DD2B}.Ad-Hoc|x64.Deploy.0 = Release|Any CPU
		{717BC000-2CE2-49EB-B7E6-75A76478DD2B}.Ad-Hoc|x86.ActiveCfg = Release|Any CPU
		{717BC000-2CE2-49EB-B7E6-75A76478DD2B}.Ad-Hoc|x86.Build.0 = Release|Any CPU
		{717BC000-2CE2-49EB-B7E6-75A76478DD2B}.Ad-Hoc|x86.Deploy.0 = Release|Any CPU
		{717BC000-2CE2-49EB-B7E6-75A76478DD2B}.AppStore|Any CPU.ActiveCfg = Release|Any CPU
		{717BC000-2CE2-49EB-B7E6-75A76478DD2B}.AppStore|Any CPU.Build.0 = Release|Any CPU
		{717BC000-2CE2-49EB-B7E6-75A76478DD2B}.AppStore|Any CPU.Deploy.0 = Release|Any CPU
		{717BC000-2CE2-49EB-B7E6-75A76478DD2B}.AppStore|ARM.ActiveCfg = Release|Any CPU
		{717BC000-2CE2-49EB-B7E6-75A76478DD2B}.AppStore|ARM.Build.0 = Release|Any CPU
		{717BC000-2CE2-49EB-B7E6-75A76478DD2B}.AppStore|ARM.Deploy.0 = Release|Any CPU
		{717BC000-2CE2-49EB-B7E6-75A76478DD2B}.AppStore|iPhone.ActiveCfg = Release|Any CPU
		{717BC000-2CE2-49EB-B7E6-75A76478DD2B}.AppStore|iPhone.Build.0 = Release|Any CPU
		{717BC000-2CE2-49EB-B7E6-75A76478DD2B}.AppStore|iPhone.Deploy.0 = Release|Any CPU
		{717BC000-2CE2-49EB-B7E6-75A76478DD2B}.AppStore|iPhoneSimulator.ActiveCfg = Release|Any CPU
		{717BC000-2CE2-49EB-B7E6-75A76478DD2B}.AppStore|iPhoneSimulator.Build.0 = Release|Any CPU
		{717BC000-2CE2-49EB-B7E6-75A76478DD2B}.AppStore|iPhoneSimulator.Deploy.0 = Release|Any CPU
		{717BC000-2CE2-49EB-B7E6-75A76478DD2B}.AppStore|x64.ActiveCfg = Release|Any CPU
		{717BC000-2CE2-49EB-B7E6-75A76478DD2B}.AppStore|x64.Build.0 = Release|Any CPU
		{717BC000-2CE2-49EB-B7E6-75A76478DD2B}.AppStore|x64.Deploy.0 = Release|Any CPU
		{717BC000-2CE2-49EB-B7E6-75A76478DD2B}.AppStore|x86.ActiveCfg = Release|Any CPU
		{717BC000-2CE2-49EB-B7E6-75A76478DD2B}.AppStore|x86.Build.0 = Release|Any CPU
		{717BC000-2CE2-49EB-B7E6-75A76478DD2B}.AppStore|x86.Deploy.0 = Release|Any CPU
		{717BC000-2CE2-49EB-B7E6-75A76478DD2B}.Debug|Any CPU.ActiveCfg = Debug|Any CPU
		{717BC000-2CE2-49EB-B7E6-75A76478DD2B}.Debug|Any CPU.Build.0 = Debug|Any CPU
		{717BC000-2CE2-49EB-B7E6-75A76478DD2B}.Debug|Any CPU.Deploy.0 = Debug|Any CPU
		{717BC000-2CE2-49EB-B7E6-75A76478DD2B}.Debug|ARM.ActiveCfg = Debug|Any CPU
		{717BC000-2CE2-49EB-B7E6-75A76478DD2B}.Debug|ARM.Build.0 = Debug|Any CPU
		{717BC000-2CE2-49EB-B7E6-75A76478DD2B}.Debug|ARM.Deploy.0 = Debug|Any CPU
		{717BC000-2CE2-49EB-B7E6-75A76478DD2B}.Debug|iPhone.ActiveCfg = Debug|Any CPU
		{717BC000-2CE2-49EB-B7E6-75A76478DD2B}.Debug|iPhone.Build.0 = Debug|Any CPU
		{717BC000-2CE2-49EB-B7E6-75A76478DD2B}.Debug|iPhone.Deploy.0 = Debug|Any CPU
		{717BC000-2CE2-49EB-B7E6-75A76478DD2B}.Debug|iPhoneSimulator.ActiveCfg = Debug|Any CPU
		{717BC000-2CE2-49EB-B7E6-75A76478DD2B}.Debug|iPhoneSimulator.Build.0 = Debug|Any CPU
		{717BC000-2CE2-49EB-B7E6-75A76478DD2B}.Debug|iPhoneSimulator.Deploy.0 = Debug|Any CPU
		{717BC000-2CE2-49EB-B7E6-75A76478DD2B}.Debug|x64.ActiveCfg = Debug|Any CPU
		{717BC000-2CE2-49EB-B7E6-75A76478DD2B}.Debug|x64.Build.0 = Debug|Any CPU
		{717BC000-2CE2-49EB-B7E6-75A76478DD2B}.Debug|x64.Deploy.0 = Debug|Any CPU
		{717BC000-2CE2-49EB-B7E6-75A76478DD2B}.Debug|x86.ActiveCfg = Debug|Any CPU
		{717BC000-2CE2-49EB-B7E6-75A76478DD2B}.Debug|x86.Build.0 = Debug|Any CPU
		{717BC000-2CE2-49EB-B7E6-75A76478DD2B}.Debug|x86.Deploy.0 = Debug|Any CPU
		{717BC000-2CE2-49EB-B7E6-75A76478DD2B}.Release|Any CPU.ActiveCfg = Release|Any CPU
		{717BC000-2CE2-49EB-B7E6-75A76478DD2B}.Release|Any CPU.Build.0 = Release|Any CPU
		{717BC000-2CE2-49EB-B7E6-75A76478DD2B}.Release|Any CPU.Deploy.0 = Release|Any CPU
		{717BC000-2CE2-49EB-B7E6-75A76478DD2B}.Release|ARM.ActiveCfg = Release|Any CPU
		{717BC000-2CE2-49EB-B7E6-75A76478DD2B}.Release|ARM.Build.0 = Release|Any CPU
		{717BC000-2CE2-49EB-B7E6-75A76478DD2B}.Release|ARM.Deploy.0 = Release|Any CPU
		{717BC000-2CE2-49EB-B7E6-75A76478DD2B}.Release|iPhone.ActiveCfg = Release|Any CPU
		{717BC000-2CE2-49EB-B7E6-75A76478DD2B}.Release|iPhone.Build.0 = Release|Any CPU
		{717BC000-2CE2-49EB-B7E6-75A76478DD2B}.Release|iPhone.Deploy.0 = Release|Any CPU
		{717BC000-2CE2-49EB-B7E6-75A76478DD2B}.Release|iPhoneSimulator.ActiveCfg = Release|Any CPU
		{717BC000-2CE2-49EB-B7E6-75A76478DD2B}.Release|iPhoneSimulator.Build.0 = Release|Any CPU
		{717BC000-2CE2-49EB-B7E6-75A76478DD2B}.Release|iPhoneSimulator.Deploy.0 = Release|Any CPU
		{717BC000-2CE2-49EB-B7E6-75A76478DD2B}.Release|x64.ActiveCfg = Release|Any CPU
		{717BC000-2CE2-49EB-B7E6-75A76478DD2B}.Release|x64.Build.0 = Release|Any CPU
		{717BC000-2CE2-49EB-B7E6-75A76478DD2B}.Release|x64.Deploy.0 = Release|Any CPU
		{717BC000-2CE2-49EB-B7E6-75A76478DD2B}.Release|x86.ActiveCfg = Release|Any CPU
		{717BC000-2CE2-49EB-B7E6-75A76478DD2B}.Release|x86.Build.0 = Release|Any CPU
		{717BC000-2CE2-49EB-B7E6-75A76478DD2B}.Release|x86.Deploy.0 = Release|Any CPU
		{E49B031D-9342-4CCC-B1F7-9996C6023D9C}.Ad-Hoc|Any CPU.ActiveCfg = Ad-Hoc|iPhone
		{E49B031D-9342-4CCC-B1F7-9996C6023D9C}.Ad-Hoc|ARM.ActiveCfg = Ad-Hoc|iPhone
		{E49B031D-9342-4CCC-B1F7-9996C6023D9C}.Ad-Hoc|iPhone.ActiveCfg = Ad-Hoc|iPhone
		{E49B031D-9342-4CCC-B1F7-9996C6023D9C}.Ad-Hoc|iPhone.Build.0 = Ad-Hoc|iPhone
		{E49B031D-9342-4CCC-B1F7-9996C6023D9C}.Ad-Hoc|iPhoneSimulator.ActiveCfg = Ad-Hoc|iPhoneSimulator
		{E49B031D-9342-4CCC-B1F7-9996C6023D9C}.Ad-Hoc|iPhoneSimulator.Build.0 = Ad-Hoc|iPhoneSimulator
		{E49B031D-9342-4CCC-B1F7-9996C6023D9C}.Ad-Hoc|x64.ActiveCfg = Ad-Hoc|iPhone
		{E49B031D-9342-4CCC-B1F7-9996C6023D9C}.Ad-Hoc|x86.ActiveCfg = Ad-Hoc|iPhone
		{E49B031D-9342-4CCC-B1F7-9996C6023D9C}.AppStore|Any CPU.ActiveCfg = AppStore|iPhone
		{E49B031D-9342-4CCC-B1F7-9996C6023D9C}.AppStore|ARM.ActiveCfg = AppStore|iPhone
		{E49B031D-9342-4CCC-B1F7-9996C6023D9C}.AppStore|iPhone.ActiveCfg = AppStore|iPhone
		{E49B031D-9342-4CCC-B1F7-9996C6023D9C}.AppStore|iPhone.Build.0 = AppStore|iPhone
		{E49B031D-9342-4CCC-B1F7-9996C6023D9C}.AppStore|iPhoneSimulator.ActiveCfg = AppStore|iPhoneSimulator
		{E49B031D-9342-4CCC-B1F7-9996C6023D9C}.AppStore|iPhoneSimulator.Build.0 = AppStore|iPhoneSimulator
		{E49B031D-9342-4CCC-B1F7-9996C6023D9C}.AppStore|x64.ActiveCfg = AppStore|iPhone
		{E49B031D-9342-4CCC-B1F7-9996C6023D9C}.AppStore|x86.ActiveCfg = AppStore|iPhone
		{E49B031D-9342-4CCC-B1F7-9996C6023D9C}.Debug|Any CPU.ActiveCfg = Debug|iPhone
		{E49B031D-9342-4CCC-B1F7-9996C6023D9C}.Debug|ARM.ActiveCfg = Debug|iPhone
		{E49B031D-9342-4CCC-B1F7-9996C6023D9C}.Debug|iPhone.ActiveCfg = Debug|iPhone
		{E49B031D-9342-4CCC-B1F7-9996C6023D9C}.Debug|iPhone.Build.0 = Debug|iPhone
		{E49B031D-9342-4CCC-B1F7-9996C6023D9C}.Debug|iPhoneSimulator.ActiveCfg = Debug|iPhoneSimulator
		{E49B031D-9342-4CCC-B1F7-9996C6023D9C}.Debug|iPhoneSimulator.Build.0 = Debug|iPhoneSimulator
		{E49B031D-9342-4CCC-B1F7-9996C6023D9C}.Debug|x64.ActiveCfg = Debug|iPhone
		{E49B031D-9342-4CCC-B1F7-9996C6023D9C}.Debug|x86.ActiveCfg = Debug|iPhone
		{E49B031D-9342-4CCC-B1F7-9996C6023D9C}.Release|Any CPU.ActiveCfg = Release|iPhone
		{E49B031D-9342-4CCC-B1F7-9996C6023D9C}.Release|ARM.ActiveCfg = Release|iPhone
		{E49B031D-9342-4CCC-B1F7-9996C6023D9C}.Release|iPhone.ActiveCfg = Release|iPhone
		{E49B031D-9342-4CCC-B1F7-9996C6023D9C}.Release|iPhone.Build.0 = Release|iPhone
		{E49B031D-9342-4CCC-B1F7-9996C6023D9C}.Release|iPhoneSimulator.ActiveCfg = Release|iPhoneSimulator
		{E49B031D-9342-4CCC-B1F7-9996C6023D9C}.Release|iPhoneSimulator.Build.0 = Release|iPhoneSimulator
		{E49B031D-9342-4CCC-B1F7-9996C6023D9C}.Release|x64.ActiveCfg = Release|iPhone
		{E49B031D-9342-4CCC-B1F7-9996C6023D9C}.Release|x86.ActiveCfg = Release|iPhone
		{6A59B0BC-E717-4961-A00E-72CCBE87A78A}.Ad-Hoc|Any CPU.ActiveCfg = Release|x86
		{6A59B0BC-E717-4961-A00E-72CCBE87A78A}.Ad-Hoc|Any CPU.Build.0 = Release|x86
		{6A59B0BC-E717-4961-A00E-72CCBE87A78A}.Ad-Hoc|Any CPU.Deploy.0 = Release|x86
		{6A59B0BC-E717-4961-A00E-72CCBE87A78A}.Ad-Hoc|ARM.ActiveCfg = Release|ARM
		{6A59B0BC-E717-4961-A00E-72CCBE87A78A}.Ad-Hoc|ARM.Build.0 = Release|ARM
		{6A59B0BC-E717-4961-A00E-72CCBE87A78A}.Ad-Hoc|ARM.Deploy.0 = Release|ARM
		{6A59B0BC-E717-4961-A00E-72CCBE87A78A}.Ad-Hoc|iPhone.ActiveCfg = Release|x86
		{6A59B0BC-E717-4961-A00E-72CCBE87A78A}.Ad-Hoc|iPhone.Build.0 = Release|x86
		{6A59B0BC-E717-4961-A00E-72CCBE87A78A}.Ad-Hoc|iPhone.Deploy.0 = Release|x86
		{6A59B0BC-E717-4961-A00E-72CCBE87A78A}.Ad-Hoc|iPhoneSimulator.ActiveCfg = Release|x86
		{6A59B0BC-E717-4961-A00E-72CCBE87A78A}.Ad-Hoc|iPhoneSimulator.Build.0 = Release|x86
		{6A59B0BC-E717-4961-A00E-72CCBE87A78A}.Ad-Hoc|iPhoneSimulator.Deploy.0 = Release|x86
		{6A59B0BC-E717-4961-A00E-72CCBE87A78A}.Ad-Hoc|x64.ActiveCfg = Release|x64
		{6A59B0BC-E717-4961-A00E-72CCBE87A78A}.Ad-Hoc|x64.Build.0 = Release|x64
		{6A59B0BC-E717-4961-A00E-72CCBE87A78A}.Ad-Hoc|x64.Deploy.0 = Release|x64
		{6A59B0BC-E717-4961-A00E-72CCBE87A78A}.Ad-Hoc|x86.ActiveCfg = Release|x86
		{6A59B0BC-E717-4961-A00E-72CCBE87A78A}.Ad-Hoc|x86.Build.0 = Release|x86
		{6A59B0BC-E717-4961-A00E-72CCBE87A78A}.Ad-Hoc|x86.Deploy.0 = Release|x86
		{6A59B0BC-E717-4961-A00E-72CCBE87A78A}.AppStore|Any CPU.ActiveCfg = Release|x86
		{6A59B0BC-E717-4961-A00E-72CCBE87A78A}.AppStore|Any CPU.Build.0 = Release|x86
		{6A59B0BC-E717-4961-A00E-72CCBE87A78A}.AppStore|Any CPU.Deploy.0 = Release|x86
		{6A59B0BC-E717-4961-A00E-72CCBE87A78A}.AppStore|ARM.ActiveCfg = Release|ARM
		{6A59B0BC-E717-4961-A00E-72CCBE87A78A}.AppStore|ARM.Build.0 = Release|ARM
		{6A59B0BC-E717-4961-A00E-72CCBE87A78A}.AppStore|ARM.Deploy.0 = Release|ARM
		{6A59B0BC-E717-4961-A00E-72CCBE87A78A}.AppStore|iPhone.ActiveCfg = Release|x86
		{6A59B0BC-E717-4961-A00E-72CCBE87A78A}.AppStore|iPhone.Build.0 = Release|x86
		{6A59B0BC-E717-4961-A00E-72CCBE87A78A}.AppStore|iPhone.Deploy.0 = Release|x86
		{6A59B0BC-E717-4961-A00E-72CCBE87A78A}.AppStore|iPhoneSimulator.ActiveCfg = Release|x86
		{6A59B0BC-E717-4961-A00E-72CCBE87A78A}.AppStore|iPhoneSimulator.Build.0 = Release|x86
		{6A59B0BC-E717-4961-A00E-72CCBE87A78A}.AppStore|iPhoneSimulator.Deploy.0 = Release|x86
		{6A59B0BC-E717-4961-A00E-72CCBE87A78A}.AppStore|x64.ActiveCfg = Release|x64
		{6A59B0BC-E717-4961-A00E-72CCBE87A78A}.AppStore|x64.Build.0 = Release|x64
		{6A59B0BC-E717-4961-A00E-72CCBE87A78A}.AppStore|x64.Deploy.0 = Release|x64
		{6A59B0BC-E717-4961-A00E-72CCBE87A78A}.AppStore|x86.ActiveCfg = Release|x86
		{6A59B0BC-E717-4961-A00E-72CCBE87A78A}.AppStore|x86.Build.0 = Release|x86
		{6A59B0BC-E717-4961-A00E-72CCBE87A78A}.AppStore|x86.Deploy.0 = Release|x86
		{6A59B0BC-E717-4961-A00E-72CCBE87A78A}.Debug|Any CPU.ActiveCfg = Debug|x86
		{6A59B0BC-E717-4961-A00E-72CCBE87A78A}.Debug|ARM.ActiveCfg = Debug|ARM
		{6A59B0BC-E717-4961-A00E-72CCBE87A78A}.Debug|ARM.Build.0 = Debug|ARM
		{6A59B0BC-E717-4961-A00E-72CCBE87A78A}.Debug|ARM.Deploy.0 = Debug|ARM
		{6A59B0BC-E717-4961-A00E-72CCBE87A78A}.Debug|iPhone.ActiveCfg = Debug|x86
		{6A59B0BC-E717-4961-A00E-72CCBE87A78A}.Debug|iPhoneSimulator.ActiveCfg = Debug|x86
		{6A59B0BC-E717-4961-A00E-72CCBE87A78A}.Debug|x64.ActiveCfg = Debug|x64
		{6A59B0BC-E717-4961-A00E-72CCBE87A78A}.Debug|x64.Build.0 = Debug|x64
		{6A59B0BC-E717-4961-A00E-72CCBE87A78A}.Debug|x64.Deploy.0 = Debug|x64
		{6A59B0BC-E717-4961-A00E-72CCBE87A78A}.Debug|x86.ActiveCfg = Debug|x86
		{6A59B0BC-E717-4961-A00E-72CCBE87A78A}.Debug|x86.Build.0 = Debug|x86
		{6A59B0BC-E717-4961-A00E-72CCBE87A78A}.Debug|x86.Deploy.0 = Debug|x86
		{6A59B0BC-E717-4961-A00E-72CCBE87A78A}.Release|Any CPU.ActiveCfg = Release|x86
		{6A59B0BC-E717-4961-A00E-72CCBE87A78A}.Release|ARM.ActiveCfg = Release|ARM
		{6A59B0BC-E717-4961-A00E-72CCBE87A78A}.Release|ARM.Build.0 = Release|ARM
		{6A59B0BC-E717-4961-A00E-72CCBE87A78A}.Release|ARM.Deploy.0 = Release|ARM
		{6A59B0BC-E717-4961-A00E-72CCBE87A78A}.Release|iPhone.ActiveCfg = Release|x86
		{6A59B0BC-E717-4961-A00E-72CCBE87A78A}.Release|iPhoneSimulator.ActiveCfg = Release|x86
		{6A59B0BC-E717-4961-A00E-72CCBE87A78A}.Release|x64.ActiveCfg = Release|x64
		{6A59B0BC-E717-4961-A00E-72CCBE87A78A}.Release|x64.Build.0 = Release|x64
		{6A59B0BC-E717-4961-A00E-72CCBE87A78A}.Release|x64.Deploy.0 = Release|x64
		{6A59B0BC-E717-4961-A00E-72CCBE87A78A}.Release|x86.ActiveCfg = Release|x86
		{6A59B0BC-E717-4961-A00E-72CCBE87A78A}.Release|x86.Build.0 = Release|x86
		{6A59B0BC-E717-4961-A00E-72CCBE87A78A}.Release|x86.Deploy.0 = Release|x86
	EndGlobalSection
	GlobalSection(SolutionProperties) = preSolution
		HideSolutionNode = FALSE
	EndGlobalSection
EndGlobal
