
Microsoft Visual Studio Solution File, Format Version 12.00
# Visual Studio 15
VisualStudioVersion = 15.0.26430.15
MinimumVisualStudioVersion = 10.0.40219.1
Project("{D954291E-2A0B-460D-934E-DC6B0785DB48}") = "Code_14", "Code 14\Code_14\Code_14.shproj", "{E6893C64-43C0-467A-87D5-2B047A4BB4DE}"
EndProject
Project("{FAE04EC0-301F-11D3-BF4B-00C04F79EFBC}") = "Code_14.Android", "Code 14\Code_14.Android\Code_14.Android.csproj", "{4C24415C-FC36-4938-9BB0-803EA1DD33FB}"
EndProject
Project("{FAE04EC0-301F-11D3-BF4B-00C04F79EFBC}") = "Code_14.iOS", "Code 14\Code_14.iOS\Code_14.iOS.csproj", "{16102C09-BB71-48D0-9ACD-283BEE76919E}"
EndProject
Project("{FAE04EC0-301F-11D3-BF4B-00C04F79EFBC}") = "Code_14.UWP", "Code 14\Code_14.UWP\Code_14.UWP.csproj", "{F30EFB6D-3990-4868-BD10-9FF2C0085BC6}"
EndProject
Global
	GlobalSection(SharedMSBuildProjectFiles) = preSolution
		Code 14\Code_14\Code_14.projitems*{16102c09-bb71-48d0-9acd-283bee76919e}*SharedItemsImports = 4
		Code 14\Code_14\Code_14.projitems*{4c24415c-fc36-4938-9bb0-803ea1dd33fb}*SharedItemsImports = 4
		Code 14\Code_14\Code_14.projitems*{e6893c64-43c0-467a-87d5-2b047a4bb4de}*SharedItemsImports = 13
		Code 14\Code_14\Code_14.projitems*{f30efb6d-3990-4868-bd10-9ff2c0085bc6}*SharedItemsImports = 4
	EndGlobalSection
	GlobalSection(SolutionConfigurationPlatforms) = preSolution
		Ad-Hoc|Any CPU = Ad-Hoc|Any CPU
		Ad-Hoc|ARM = Ad-Hoc|ARM
		Ad-Hoc|iPhone = Ad-Hoc|iPhone
		Ad-Hoc|iPhoneSimulator = Ad-Hoc|iPhoneSimulator
		Ad-Hoc|x64 = Ad-Hoc|x64
		Ad-Hoc|x86 = Ad-Hoc|x86
		AppStore|Any CPU = AppStore|Any CPU
		AppStore|ARM = AppStore|ARM
		AppStore|iPhone = AppStore|iPhone
		AppStore|iPhoneSimulator = AppStore|iPhoneSimulator
		AppStore|x64 = AppStore|x64
		AppStore|x86 = AppStore|x86
		Debug|Any CPU = Debug|Any CPU
		Debug|ARM = Debug|ARM
		Debug|iPhone = Debug|iPhone
		Debug|iPhoneSimulator = Debug|iPhoneSimulator
		Debug|x64 = Debug|x64
		Debug|x86 = Debug|x86
		Release|Any CPU = Release|Any CPU
		Release|ARM = Release|ARM
		Release|iPhone = Release|iPhone
		Release|iPhoneSimulator = Release|iPhoneSimulator
		Release|x64 = Release|x64
		Release|x86 = Release|x86
	EndGlobalSection
	GlobalSection(ProjectConfigurationPlatforms) = postSolution
		{4C24415C-FC36-4938-9BB0-803EA1DD33FB}.Ad-Hoc|Any CPU.ActiveCfg = Release|Any CPU
		{4C24415C-FC36-4938-9BB0-803EA1DD33FB}.Ad-Hoc|Any CPU.Build.0 = Release|Any CPU
		{4C24415C-FC36-4938-9BB0-803EA1DD33FB}.Ad-Hoc|Any CPU.Deploy.0 = Release|Any CPU
		{4C24415C-FC36-4938-9BB0-803EA1DD33FB}.Ad-Hoc|ARM.ActiveCfg = Release|Any CPU
		{4C24415C-FC36-4938-9BB0-803EA1DD33FB}.Ad-Hoc|ARM.Build.0 = Release|Any CPU
		{4C24415C-FC36-4938-9BB0-803EA1DD33FB}.Ad-Hoc|ARM.Deploy.0 = Release|Any CPU
		{4C24415C-FC36-4938-9BB0-803EA1DD33FB}.Ad-Hoc|iPhone.ActiveCfg = Release|Any CPU
		{4C24415C-FC36-4938-9BB0-803EA1DD33FB}.Ad-Hoc|iPhone.Build.0 = Release|Any CPU
		{4C24415C-FC36-4938-9BB0-803EA1DD33FB}.Ad-Hoc|iPhone.Deploy.0 = Release|Any CPU
		{4C24415C-FC36-4938-9BB0-803EA1DD33FB}.Ad-Hoc|iPhoneSimulator.ActiveCfg = Release|Any CPU
		{4C24415C-FC36-4938-9BB0-803EA1DD33FB}.Ad-Hoc|iPhoneSimulator.Build.0 = Release|Any CPU
		{4C24415C-FC36-4938-9BB0-803EA1DD33FB}.Ad-Hoc|iPhoneSimulator.Deploy.0 = Release|Any CPU
		{4C24415C-FC36-4938-9BB0-803EA1DD33FB}.Ad-Hoc|x64.ActiveCfg = Release|Any CPU
		{4C24415C-FC36-4938-9BB0-803EA1DD33FB}.Ad-Hoc|x64.Build.0 = Release|Any CPU
		{4C24415C-FC36-4938-9BB0-803EA1DD33FB}.Ad-Hoc|x64.Deploy.0 = Release|Any CPU
		{4C24415C-FC36-4938-9BB0-803EA1DD33FB}.Ad-Hoc|x86.ActiveCfg = Release|Any CPU
		{4C24415C-FC36-4938-9BB0-803EA1DD33FB}.Ad-Hoc|x86.Build.0 = Release|Any CPU
		{4C24415C-FC36-4938-9BB0-803EA1DD33FB}.Ad-Hoc|x86.Deploy.0 = Release|Any CPU
		{4C24415C-FC36-4938-9BB0-803EA1DD33FB}.AppStore|Any CPU.ActiveCfg = Release|Any CPU
		{4C24415C-FC36-4938-9BB0-803EA1DD33FB}.AppStore|Any CPU.Build.0 = Release|Any CPU
		{4C24415C-FC36-4938-9BB0-803EA1DD33FB}.AppStore|Any CPU.Deploy.0 = Release|Any CPU
		{4C24415C-FC36-4938-9BB0-803EA1DD33FB}.AppStore|ARM.ActiveCfg = Release|Any CPU
		{4C24415C-FC36-4938-9BB0-803EA1DD33FB}.AppStore|ARM.Build.0 = Release|Any CPU
		{4C24415C-FC36-4938-9BB0-803EA1DD33FB}.AppStore|ARM.Deploy.0 = Release|Any CPU
		{4C24415C-FC36-4938-9BB0-803EA1DD33FB}.AppStore|iPhone.ActiveCfg = Release|Any CPU
		{4C24415C-FC36-4938-9BB0-803EA1DD33FB}.AppStore|iPhone.Build.0 = Release|Any CPU
		{4C24415C-FC36-4938-9BB0-803EA1DD33FB}.AppStore|iPhone.Deploy.0 = Release|Any CPU
		{4C24415C-FC36-4938-9BB0-803EA1DD33FB}.AppStore|iPhoneSimulator.ActiveCfg = Release|Any CPU
		{4C24415C-FC36-4938-9BB0-803EA1DD33FB}.AppStore|iPhoneSimulator.Build.0 = Release|Any CPU
		{4C24415C-FC36-4938-9BB0-803EA1DD33FB}.AppStore|iPhoneSimulator.Deploy.0 = Release|Any CPU
		{4C24415C-FC36-4938-9BB0-803EA1DD33FB}.AppStore|x64.ActiveCfg = Release|Any CPU
		{4C24415C-FC36-4938-9BB0-803EA1DD33FB}.AppStore|x64.Build.0 = Release|Any CPU
		{4C24415C-FC36-4938-9BB0-803EA1DD33FB}.AppStore|x64.Deploy.0 = Release|Any CPU
		{4C24415C-FC36-4938-9BB0-803EA1DD33FB}.AppStore|x86.ActiveCfg = Release|Any CPU
		{4C24415C-FC36-4938-9BB0-803EA1DD33FB}.AppStore|x86.Build.0 = Release|Any CPU
		{4C24415C-FC36-4938-9BB0-803EA1DD33FB}.AppStore|x86.Deploy.0 = Release|Any CPU
		{4C24415C-FC36-4938-9BB0-803EA1DD33FB}.Debug|Any CPU.ActiveCfg = Debug|Any CPU
		{4C24415C-FC36-4938-9BB0-803EA1DD33FB}.Debug|Any CPU.Build.0 = Debug|Any CPU
		{4C24415C-FC36-4938-9BB0-803EA1DD33FB}.Debug|Any CPU.Deploy.0 = Debug|Any CPU
		{4C24415C-FC36-4938-9BB0-803EA1DD33FB}.Debug|ARM.ActiveCfg = Debug|Any CPU
		{4C24415C-FC36-4938-9BB0-803EA1DD33FB}.Debug|ARM.Build.0 = Debug|Any CPU
		{4C24415C-FC36-4938-9BB0-803EA1DD33FB}.Debug|ARM.Deploy.0 = Debug|Any CPU
		{4C24415C-FC36-4938-9BB0-803EA1DD33FB}.Debug|iPhone.ActiveCfg = Debug|Any CPU
		{4C24415C-FC36-4938-9BB0-803EA1DD33FB}.Debug|iPhone.Build.0 = Debug|Any CPU
		{4C24415C-FC36-4938-9BB0-803EA1DD33FB}.Debug|iPhone.Deploy.0 = Debug|Any CPU
		{4C24415C-FC36-4938-9BB0-803EA1DD33FB}.Debug|iPhoneSimulator.ActiveCfg = Debug|Any CPU
		{4C24415C-FC36-4938-9BB0-803EA1DD33FB}.Debug|iPhoneSimulator.Build.0 = Debug|Any CPU
		{4C24415C-FC36-4938-9BB0-803EA1DD33FB}.Debug|iPhoneSimulator.Deploy.0 = Debug|Any CPU
		{4C24415C-FC36-4938-9BB0-803EA1DD33FB}.Debug|x64.ActiveCfg = Debug|Any CPU
		{4C24415C-FC36-4938-9BB0-803EA1DD33FB}.Debug|x64.Build.0 = Debug|Any CPU
		{4C24415C-FC36-4938-9BB0-803EA1DD33FB}.Debug|x64.Deploy.0 = Debug|Any CPU
		{4C24415C-FC36-4938-9BB0-803EA1DD33FB}.Debug|x86.ActiveCfg = Debug|Any CPU
		{4C24415C-FC36-4938-9BB0-803EA1DD33FB}.Debug|x86.Build.0 = Debug|Any CPU
		{4C24415C-FC36-4938-9BB0-803EA1DD33FB}.Debug|x86.Deploy.0 = Debug|Any CPU
		{4C24415C-FC36-4938-9BB0-803EA1DD33FB}.Release|Any CPU.ActiveCfg = Release|Any CPU
		{4C24415C-FC36-4938-9BB0-803EA1DD33FB}.Release|Any CPU.Build.0 = Release|Any CPU
		{4C24415C-FC36-4938-9BB0-803EA1DD33FB}.Release|Any CPU.Deploy.0 = Release|Any CPU
		{4C24415C-FC36-4938-9BB0-803EA1DD33FB}.Release|ARM.ActiveCfg = Release|Any CPU
		{4C24415C-FC36-4938-9BB0-803EA1DD33FB}.Release|ARM.Build.0 = Release|Any CPU
		{4C24415C-FC36-4938-9BB0-803EA1DD33FB}.Release|ARM.Deploy.0 = Release|Any CPU
		{4C24415C-FC36-4938-9BB0-803EA1DD33FB}.Release|iPhone.ActiveCfg = Release|Any CPU
		{4C24415C-FC36-4938-9BB0-803EA1DD33FB}.Release|iPhone.Build.0 = Release|Any CPU
		{4C24415C-FC36-4938-9BB0-803EA1DD33FB}.Release|iPhone.Deploy.0 = Release|Any CPU
		{4C24415C-FC36-4938-9BB0-803EA1DD33FB}.Release|iPhoneSimulator.ActiveCfg = Release|Any CPU
		{4C24415C-FC36-4938-9BB0-803EA1DD33FB}.Release|iPhoneSimulator.Build.0 = Release|Any CPU
		{4C24415C-FC36-4938-9BB0-803EA1DD33FB}.Release|iPhoneSimulator.Deploy.0 = Release|Any CPU
		{4C24415C-FC36-4938-9BB0-803EA1DD33FB}.Release|x64.ActiveCfg = Release|Any CPU
		{4C24415C-FC36-4938-9BB0-803EA1DD33FB}.Release|x64.Build.0 = Release|Any CPU
		{4C24415C-FC36-4938-9BB0-803EA1DD33FB}.Release|x64.Deploy.0 = Release|Any CPU
		{4C24415C-FC36-4938-9BB0-803EA1DD33FB}.Release|x86.ActiveCfg = Release|Any CPU
		{4C24415C-FC36-4938-9BB0-803EA1DD33FB}.Release|x86.Build.0 = Release|Any CPU
		{4C24415C-FC36-4938-9BB0-803EA1DD33FB}.Release|x86.Deploy.0 = Release|Any CPU
		{16102C09-BB71-48D0-9ACD-283BEE76919E}.Ad-Hoc|Any CPU.ActiveCfg = Ad-Hoc|iPhone
		{16102C09-BB71-48D0-9ACD-283BEE76919E}.Ad-Hoc|ARM.ActiveCfg = Ad-Hoc|iPhone
		{16102C09-BB71-48D0-9ACD-283BEE76919E}.Ad-Hoc|iPhone.ActiveCfg = Ad-Hoc|iPhone
		{16102C09-BB71-48D0-9ACD-283BEE76919E}.Ad-Hoc|iPhone.Build.0 = Ad-Hoc|iPhone
		{16102C09-BB71-48D0-9ACD-283BEE76919E}.Ad-Hoc|iPhoneSimulator.ActiveCfg = Ad-Hoc|iPhoneSimulator
		{16102C09-BB71-48D0-9ACD-283BEE76919E}.Ad-Hoc|iPhoneSimulator.Build.0 = Ad-Hoc|iPhoneSimulator
		{16102C09-BB71-48D0-9ACD-283BEE76919E}.Ad-Hoc|x64.ActiveCfg = Ad-Hoc|iPhone
		{16102C09-BB71-48D0-9ACD-283BEE76919E}.Ad-Hoc|x86.ActiveCfg = Ad-Hoc|iPhone
		{16102C09-BB71-48D0-9ACD-283BEE76919E}.AppStore|Any CPU.ActiveCfg = AppStore|iPhone
		{16102C09-BB71-48D0-9ACD-283BEE76919E}.AppStore|ARM.ActiveCfg = AppStore|iPhone
		{16102C09-BB71-48D0-9ACD-283BEE76919E}.AppStore|iPhone.ActiveCfg = AppStore|iPhone
		{16102C09-BB71-48D0-9ACD-283BEE76919E}.AppStore|iPhone.Build.0 = AppStore|iPhone
		{16102C09-BB71-48D0-9ACD-283BEE76919E}.AppStore|iPhoneSimulator.ActiveCfg = AppStore|iPhoneSimulator
		{16102C09-BB71-48D0-9ACD-283BEE76919E}.AppStore|iPhoneSimulator.Build.0 = AppStore|iPhoneSimulator
		{16102C09-BB71-48D0-9ACD-283BEE76919E}.AppStore|x64.ActiveCfg = AppStore|iPhone
		{16102C09-BB71-48D0-9ACD-283BEE76919E}.AppStore|x86.ActiveCfg = AppStore|iPhone
		{16102C09-BB71-48D0-9ACD-283BEE76919E}.Debug|Any CPU.ActiveCfg = Debug|iPhone
		{16102C09-BB71-48D0-9ACD-283BEE76919E}.Debug|ARM.ActiveCfg = Debug|iPhone
		{16102C09-BB71-48D0-9ACD-283BEE76919E}.Debug|iPhone.ActiveCfg = Debug|iPhone
		{16102C09-BB71-48D0-9ACD-283BEE76919E}.Debug|iPhone.Build.0 = Debug|iPhone
		{16102C09-BB71-48D0-9ACD-283BEE76919E}.Debug|iPhoneSimulator.ActiveCfg = Debug|iPhoneSimulator
		{16102C09-BB71-48D0-9ACD-283BEE76919E}.Debug|iPhoneSimulator.Build.0 = Debug|iPhoneSimulator
		{16102C09-BB71-48D0-9ACD-283BEE76919E}.Debug|x64.ActiveCfg = Debug|iPhone
		{16102C09-BB71-48D0-9ACD-283BEE76919E}.Debug|x86.ActiveCfg = Debug|iPhone
		{16102C09-BB71-48D0-9ACD-283BEE76919E}.Release|Any CPU.ActiveCfg = Release|iPhone
		{16102C09-BB71-48D0-9ACD-283BEE76919E}.Release|ARM.ActiveCfg = Release|iPhone
		{16102C09-BB71-48D0-9ACD-283BEE76919E}.Release|iPhone.ActiveCfg = Release|iPhone
		{16102C09-BB71-48D0-9ACD-283BEE76919E}.Release|iPhone.Build.0 = Release|iPhone
		{16102C09-BB71-48D0-9ACD-283BEE76919E}.Release|iPhoneSimulator.ActiveCfg = Release|iPhoneSimulator
		{16102C09-BB71-48D0-9ACD-283BEE76919E}.Release|iPhoneSimulator.Build.0 = Release|iPhoneSimulator
		{16102C09-BB71-48D0-9ACD-283BEE76919E}.Release|x64.ActiveCfg = Release|iPhone
		{16102C09-BB71-48D0-9ACD-283BEE76919E}.Release|x86.ActiveCfg = Release|iPhone
		{F30EFB6D-3990-4868-BD10-9FF2C0085BC6}.Ad-Hoc|Any CPU.ActiveCfg = Release|x86
		{F30EFB6D-3990-4868-BD10-9FF2C0085BC6}.Ad-Hoc|Any CPU.Build.0 = Release|x86
		{F30EFB6D-3990-4868-BD10-9FF2C0085BC6}.Ad-Hoc|Any CPU.Deploy.0 = Release|x86
		{F30EFB6D-3990-4868-BD10-9FF2C0085BC6}.Ad-Hoc|ARM.ActiveCfg = Release|ARM
		{F30EFB6D-3990-4868-BD10-9FF2C0085BC6}.Ad-Hoc|ARM.Build.0 = Release|ARM
		{F30EFB6D-3990-4868-BD10-9FF2C0085BC6}.Ad-Hoc|ARM.Deploy.0 = Release|ARM
		{F30EFB6D-3990-4868-BD10-9FF2C0085BC6}.Ad-Hoc|iPhone.ActiveCfg = Release|x86
		{F30EFB6D-3990-4868-BD10-9FF2C0085BC6}.Ad-Hoc|iPhone.Build.0 = Release|x86
		{F30EFB6D-3990-4868-BD10-9FF2C0085BC6}.Ad-Hoc|iPhone.Deploy.0 = Release|x86
		{F30EFB6D-3990-4868-BD10-9FF2C0085BC6}.Ad-Hoc|iPhoneSimulator.ActiveCfg = Release|x86
		{F30EFB6D-3990-4868-BD10-9FF2C0085BC6}.Ad-Hoc|iPhoneSimulator.Build.0 = Release|x86
		{F30EFB6D-3990-4868-BD10-9FF2C0085BC6}.Ad-Hoc|iPhoneSimulator.Deploy.0 = Release|x86
		{F30EFB6D-3990-4868-BD10-9FF2C0085BC6}.Ad-Hoc|x64.ActiveCfg = Release|x64
		{F30EFB6D-3990-4868-BD10-9FF2C0085BC6}.Ad-Hoc|x64.Build.0 = Release|x64
		{F30EFB6D-3990-4868-BD10-9FF2C0085BC6}.Ad-Hoc|x64.Deploy.0 = Release|x64
		{F30EFB6D-3990-4868-BD10-9FF2C0085BC6}.Ad-Hoc|x86.ActiveCfg = Release|x86
		{F30EFB6D-3990-4868-BD10-9FF2C0085BC6}.Ad-Hoc|x86.Build.0 = Release|x86
		{F30EFB6D-3990-4868-BD10-9FF2C0085BC6}.Ad-Hoc|x86.Deploy.0 = Release|x86
		{F30EFB6D-3990-4868-BD10-9FF2C0085BC6}.AppStore|Any CPU.ActiveCfg = Release|x86
		{F30EFB6D-3990-4868-BD10-9FF2C0085BC6}.AppStore|Any CPU.Build.0 = Release|x86
		{F30EFB6D-3990-4868-BD10-9FF2C0085BC6}.AppStore|Any CPU.Deploy.0 = Release|x86
		{F30EFB6D-3990-4868-BD10-9FF2C0085BC6}.AppStore|ARM.ActiveCfg = Release|ARM
		{F30EFB6D-3990-4868-BD10-9FF2C0085BC6}.AppStore|ARM.Build.0 = Release|ARM
		{F30EFB6D-3990-4868-BD10-9FF2C0085BC6}.AppStore|ARM.Deploy.0 = Release|ARM
		{F30EFB6D-3990-4868-BD10-9FF2C0085BC6}.AppStore|iPhone.ActiveCfg = Release|x86
		{F30EFB6D-3990-4868-BD10-9FF2C0085BC6}.AppStore|iPhone.Build.0 = Release|x86
		{F30EFB6D-3990-4868-BD10-9FF2C0085BC6}.AppStore|iPhone.Deploy.0 = Release|x86
		{F30EFB6D-3990-4868-BD10-9FF2C0085BC6}.AppStore|iPhoneSimulator.ActiveCfg = Release|x86
		{F30EFB6D-3990-4868-BD10-9FF2C0085BC6}.AppStore|iPhoneSimulator.Build.0 = Release|x86
		{F30EFB6D-3990-4868-BD10-9FF2C0085BC6}.AppStore|iPhoneSimulator.Deploy.0 = Release|x86
		{F30EFB6D-3990-4868-BD10-9FF2C0085BC6}.AppStore|x64.ActiveCfg = Release|x64
		{F30EFB6D-3990-4868-BD10-9FF2C0085BC6}.AppStore|x64.Build.0 = Release|x64
		{F30EFB6D-3990-4868-BD10-9FF2C0085BC6}.AppStore|x64.Deploy.0 = Release|x64
		{F30EFB6D-3990-4868-BD10-9FF2C0085BC6}.AppStore|x86.ActiveCfg = Release|x86
		{F30EFB6D-3990-4868-BD10-9FF2C0085BC6}.AppStore|x86.Build.0 = Release|x86
		{F30EFB6D-3990-4868-BD10-9FF2C0085BC6}.AppStore|x86.Deploy.0 = Release|x86
		{F30EFB6D-3990-4868-BD10-9FF2C0085BC6}.Debug|Any CPU.ActiveCfg = Debug|x86
		{F30EFB6D-3990-4868-BD10-9FF2C0085BC6}.Debug|ARM.ActiveCfg = Debug|ARM
		{F30EFB6D-3990-4868-BD10-9FF2C0085BC6}.Debug|ARM.Build.0 = Debug|ARM
		{F30EFB6D-3990-4868-BD10-9FF2C0085BC6}.Debug|ARM.Deploy.0 = Debug|ARM
		{F30EFB6D-3990-4868-BD10-9FF2C0085BC6}.Debug|iPhone.ActiveCfg = Debug|x86
		{F30EFB6D-3990-4868-BD10-9FF2C0085BC6}.Debug|iPhoneSimulator.ActiveCfg = Debug|x86
		{F30EFB6D-3990-4868-BD10-9FF2C0085BC6}.Debug|x64.ActiveCfg = Debug|x64
		{F30EFB6D-3990-4868-BD10-9FF2C0085BC6}.Debug|x64.Build.0 = Debug|x64
		{F30EFB6D-3990-4868-BD10-9FF2C0085BC6}.Debug|x64.Deploy.0 = Debug|x64
		{F30EFB6D-3990-4868-BD10-9FF2C0085BC6}.Debug|x86.ActiveCfg = Debug|x86
		{F30EFB6D-3990-4868-BD10-9FF2C0085BC6}.Debug|x86.Build.0 = Debug|x86
		{F30EFB6D-3990-4868-BD10-9FF2C0085BC6}.Debug|x86.Deploy.0 = Debug|x86
		{F30EFB6D-3990-4868-BD10-9FF2C0085BC6}.Release|Any CPU.ActiveCfg = Release|x86
		{F30EFB6D-3990-4868-BD10-9FF2C0085BC6}.Release|ARM.ActiveCfg = Release|ARM
		{F30EFB6D-3990-4868-BD10-9FF2C0085BC6}.Release|ARM.Build.0 = Release|ARM
		{F30EFB6D-3990-4868-BD10-9FF2C0085BC6}.Release|ARM.Deploy.0 = Release|ARM
		{F30EFB6D-3990-4868-BD10-9FF2C0085BC6}.Release|iPhone.ActiveCfg = Release|x86
		{F30EFB6D-3990-4868-BD10-9FF2C0085BC6}.Release|iPhoneSimulator.ActiveCfg = Release|x86
		{F30EFB6D-3990-4868-BD10-9FF2C0085BC6}.Release|x64.ActiveCfg = Release|x64
		{F30EFB6D-3990-4868-BD10-9FF2C0085BC6}.Release|x64.Build.0 = Release|x64
		{F30EFB6D-3990-4868-BD10-9FF2C0085BC6}.Release|x64.Deploy.0 = Release|x64
		{F30EFB6D-3990-4868-BD10-9FF2C0085BC6}.Release|x86.ActiveCfg = Release|x86
		{F30EFB6D-3990-4868-BD10-9FF2C0085BC6}.Release|x86.Build.0 = Release|x86
		{F30EFB6D-3990-4868-BD10-9FF2C0085BC6}.Release|x86.Deploy.0 = Release|x86
	EndGlobalSection
	GlobalSection(SolutionProperties) = preSolution
		HideSolutionNode = FALSE
	EndGlobalSection
EndGlobal
