
Microsoft Visual Studio Solution File, Format Version 12.00
# Visual Studio 15
VisualStudioVersion = 15.0.26430.15
MinimumVisualStudioVersion = 10.0.40219.1
Project("{D954291E-2A0B-460D-934E-DC6B0785DB48}") = "Code_15", "Code 15\Code_15\Code_15.shproj", "{407E9A72-C4BD-44CD-8F24-2084522D7D1E}"
EndProject
Project("{FAE04EC0-301F-11D3-BF4B-00C04F79EFBC}") = "Code_15.Android", "Code 15\Code_15.Android\Code_15.Android.csproj", "{CD412796-E2DB-4023-BD1F-74E05024C376}"
EndProject
Project("{FAE04EC0-301F-11D3-BF4B-00C04F79EFBC}") = "Code_15.iOS", "Code 15\Code_15.iOS\Code_15.iOS.csproj", "{E45D5089-DCC1-4C1A-A662-C9C87E51FA7F}"
EndProject
Project("{FAE04EC0-301F-11D3-BF4B-00C04F79EFBC}") = "Code_15.UWP", "Code 15\Code_15.UWP\Code_15.UWP.csproj", "{3B425357-8FDA-4BFA-84AB-D3CE1597A000}"
EndProject
Global
	GlobalSection(SharedMSBuildProjectFiles) = preSolution
		Code 15\Code_15\Code_15.projitems*{3b425357-8fda-4bfa-84ab-d3ce1597a000}*SharedItemsImports = 4
		Code 15\Code_15\Code_15.projitems*{407e9a72-c4bd-44cd-8f24-2084522d7d1e}*SharedItemsImports = 13
		Code 15\Code_15\Code_15.projitems*{cd412796-e2db-4023-bd1f-74e05024c376}*SharedItemsImports = 4
		Code 15\Code_15\Code_15.projitems*{e45d5089-dcc1-4c1a-a662-c9c87e51fa7f}*SharedItemsImports = 4
	EndGlobalSection
	GlobalSection(SolutionConfigurationPlatforms) = preSolution
		Ad-Hoc|Any CPU = Ad-Hoc|Any CPU
		Ad-Hoc|ARM = Ad-Hoc|ARM
		Ad-Hoc|iPhone = Ad-Hoc|iPhone
		Ad-Hoc|iPhoneSimulator = Ad-Hoc|iPhoneSimulator
		Ad-Hoc|x64 = Ad-Hoc|x64
		Ad-Hoc|x86 = Ad-Hoc|x86
		AppStore|Any CPU = AppStore|Any CPU
		AppStore|ARM = AppStore|ARM
		AppStore|iPhone = AppStore|iPhone
		AppStore|iPhoneSimulator = AppStore|iPhoneSimulator
		AppStore|x64 = AppStore|x64
		AppStore|x86 = AppStore|x86
		Debug|Any CPU = Debug|Any CPU
		Debug|ARM = Debug|ARM
		Debug|iPhone = Debug|iPhone
		Debug|iPhoneSimulator = Debug|iPhoneSimulator
		Debug|x64 = Debug|x64
		Debug|x86 = Debug|x86
		Release|Any CPU = Release|Any CPU
		Release|ARM = Release|ARM
		Release|iPhone = Release|iPhone
		Release|iPhoneSimulator = Release|iPhoneSimulator
		Release|x64 = Release|x64
		Release|x86 = Release|x86
	EndGlobalSection
	GlobalSection(ProjectConfigurationPlatforms) = postSolution
		{CD412796-E2DB-4023-BD1F-74E05024C376}.Ad-Hoc|Any CPU.ActiveCfg = Release|Any CPU
		{CD412796-E2DB-4023-BD1F-74E05024C376}.Ad-Hoc|Any CPU.Build.0 = Release|Any CPU
		{CD412796-E2DB-4023-BD1F-74E05024C376}.Ad-Hoc|Any CPU.Deploy.0 = Release|Any CPU
		{CD412796-E2DB-4023-BD1F-74E05024C376}.Ad-Hoc|ARM.ActiveCfg = Release|Any CPU
		{CD412796-E2DB-4023-BD1F-74E05024C376}.Ad-Hoc|ARM.Build.0 = Release|Any CPU
		{CD412796-E2DB-4023-BD1F-74E05024C376}.Ad-Hoc|ARM.Deploy.0 = Release|Any CPU
		{CD412796-E2DB-4023-BD1F-74E05024C376}.Ad-Hoc|iPhone.ActiveCfg = Release|Any CPU
		{CD412796-E2DB-4023-BD1F-74E05024C376}.Ad-Hoc|iPhone.Build.0 = Release|Any CPU
		{CD412796-E2DB-4023-BD1F-74E05024C376}.Ad-Hoc|iPhone.Deploy.0 = Release|Any CPU
		{CD412796-E2DB-4023-BD1F-74E05024C376}.Ad-Hoc|iPhoneSimulator.ActiveCfg = Release|Any CPU
		{CD412796-E2DB-4023-BD1F-74E05024C376}.Ad-Hoc|iPhoneSimulator.Build.0 = Release|Any CPU
		{CD412796-E2DB-4023-BD1F-74E05024C376}.Ad-Hoc|iPhoneSimulator.Deploy.0 = Release|Any CPU
		{CD412796-E2DB-4023-BD1F-74E05024C376}.Ad-Hoc|x64.ActiveCfg = Release|Any CPU
		{CD412796-E2DB-4023-BD1F-74E05024C376}.Ad-Hoc|x64.Build.0 = Release|Any CPU
		{CD412796-E2DB-4023-BD1F-74E05024C376}.Ad-Hoc|x64.Deploy.0 = Release|Any CPU
		{CD412796-E2DB-4023-BD1F-74E05024C376}.Ad-Hoc|x86.ActiveCfg = Release|Any CPU
		{CD412796-E2DB-4023-BD1F-74E05024C376}.Ad-Hoc|x86.Build.0 = Release|Any CPU
		{CD412796-E2DB-4023-BD1F-74E05024C376}.Ad-Hoc|x86.Deploy.0 = Release|Any CPU
		{CD412796-E2DB-4023-BD1F-74E05024C376}.AppStore|Any CPU.ActiveCfg = Release|Any CPU
		{CD412796-E2DB-4023-BD1F-74E05024C376}.AppStore|Any CPU.Build.0 = Release|Any CPU
		{CD412796-E2DB-4023-BD1F-74E05024C376}.AppStore|Any CPU.Deploy.0 = Release|Any CPU
		{CD412796-E2DB-4023-BD1F-74E05024C376}.AppStore|ARM.ActiveCfg = Release|Any CPU
		{CD412796-E2DB-4023-BD1F-74E05024C376}.AppStore|ARM.Build.0 = Release|Any CPU
		{CD412796-E2DB-4023-BD1F-74E05024C376}.AppStore|ARM.Deploy.0 = Release|Any CPU
		{CD412796-E2DB-4023-BD1F-74E05024C376}.AppStore|iPhone.ActiveCfg = Release|Any CPU
		{CD412796-E2DB-4023-BD1F-74E05024C376}.AppStore|iPhone.Build.0 = Release|Any CPU
		{CD412796-E2DB-4023-BD1F-74E05024C376}.AppStore|iPhone.Deploy.0 = Release|Any CPU
		{CD412796-E2DB-4023-BD1F-74E05024C376}.AppStore|iPhoneSimulator.ActiveCfg = Release|Any CPU
		{CD412796-E2DB-4023-BD1F-74E05024C376}.AppStore|iPhoneSimulator.Build.0 = Release|Any CPU
		{CD412796-E2DB-4023-BD1F-74E05024C376}.AppStore|iPhoneSimulator.Deploy.0 = Release|Any CPU
		{CD412796-E2DB-4023-BD1F-74E05024C376}.AppStore|x64.ActiveCfg = Release|Any CPU
		{CD412796-E2DB-4023-BD1F-74E05024C376}.AppStore|x64.Build.0 = Release|Any CPU
		{CD412796-E2DB-4023-BD1F-74E05024C376}.AppStore|x64.Deploy.0 = Release|Any CPU
		{CD412796-E2DB-4023-BD1F-74E05024C376}.AppStore|x86.ActiveCfg = Release|Any CPU
		{CD412796-E2DB-4023-BD1F-74E05024C376}.AppStore|x86.Build.0 = Release|Any CPU
		{CD412796-E2DB-4023-BD1F-74E05024C376}.AppStore|x86.Deploy.0 = Release|Any CPU
		{CD412796-E2DB-4023-BD1F-74E05024C376}.Debug|Any CPU.ActiveCfg = Debug|Any CPU
		{CD412796-E2DB-4023-BD1F-74E05024C376}.Debug|Any CPU.Build.0 = Debug|Any CPU
		{CD412796-E2DB-4023-BD1F-74E05024C376}.Debug|Any CPU.Deploy.0 = Debug|Any CPU
		{CD412796-E2DB-4023-BD1F-74E05024C376}.Debug|ARM.ActiveCfg = Debug|Any CPU
		{CD412796-E2DB-4023-BD1F-74E05024C376}.Debug|ARM.Build.0 = Debug|Any CPU
		{CD412796-E2DB-4023-BD1F-74E05024C376}.Debug|ARM.Deploy.0 = Debug|Any CPU
		{CD412796-E2DB-4023-BD1F-74E05024C376}.Debug|iPhone.ActiveCfg = Debug|Any CPU
		{CD412796-E2DB-4023-BD1F-74E05024C376}.Debug|iPhone.Build.0 = Debug|Any CPU
		{CD412796-E2DB-4023-BD1F-74E05024C376}.Debug|iPhone.Deploy.0 = Debug|Any CPU
		{CD412796-E2DB-4023-BD1F-74E05024C376}.Debug|iPhoneSimulator.ActiveCfg = Debug|Any CPU
		{CD412796-E2DB-4023-BD1F-74E05024C376}.Debug|iPhoneSimulator.Build.0 = Debug|Any CPU
		{CD412796-E2DB-4023-BD1F-74E05024C376}.Debug|iPhoneSimulator.Deploy.0 = Debug|Any CPU
		{CD412796-E2DB-4023-BD1F-74E05024C376}.Debug|x64.ActiveCfg = Debug|Any CPU
		{CD412796-E2DB-4023-BD1F-74E05024C376}.Debug|x64.Build.0 = Debug|Any CPU
		{CD412796-E2DB-4023-BD1F-74E05024C376}.Debug|x64.Deploy.0 = Debug|Any CPU
		{CD412796-E2DB-4023-BD1F-74E05024C376}.Debug|x86.ActiveCfg = Debug|Any CPU
		{CD412796-E2DB-4023-BD1F-74E05024C376}.Debug|x86.Build.0 = Debug|Any CPU
		{CD412796-E2DB-4023-BD1F-74E05024C376}.Debug|x86.Deploy.0 = Debug|Any CPU
		{CD412796-E2DB-4023-BD1F-74E05024C376}.Release|Any CPU.ActiveCfg = Release|Any CPU
		{CD412796-E2DB-4023-BD1F-74E05024C376}.Release|Any CPU.Build.0 = Release|Any CPU
		{CD412796-E2DB-4023-BD1F-74E05024C376}.Release|Any CPU.Deploy.0 = Release|Any CPU
		{CD412796-E2DB-4023-BD1F-74E05024C376}.Release|ARM.ActiveCfg = Release|Any CPU
		{CD412796-E2DB-4023-BD1F-74E05024C376}.Release|ARM.Build.0 = Release|Any CPU
		{CD412796-E2DB-4023-BD1F-74E05024C376}.Release|ARM.Deploy.0 = Release|Any CPU
		{CD412796-E2DB-4023-BD1F-74E05024C376}.Release|iPhone.ActiveCfg = Release|Any CPU
		{CD412796-E2DB-4023-BD1F-74E05024C376}.Release|iPhone.Build.0 = Release|Any CPU
		{CD412796-E2DB-4023-BD1F-74E05024C376}.Release|iPhone.Deploy.0 = Release|Any CPU
		{CD412796-E2DB-4023-BD1F-74E05024C376}.Release|iPhoneSimulator.ActiveCfg = Release|Any CPU
		{CD412796-E2DB-4023-BD1F-74E05024C376}.Release|iPhoneSimulator.Build.0 = Release|Any CPU
		{CD412796-E2DB-4023-BD1F-74E05024C376}.Release|iPhoneSimulator.Deploy.0 = Release|Any CPU
		{CD412796-E2DB-4023-BD1F-74E05024C376}.Release|x64.ActiveCfg = Release|Any CPU
		{CD412796-E2DB-4023-BD1F-74E05024C376}.Release|x64.Build.0 = Release|Any CPU
		{CD412796-E2DB-4023-BD1F-74E05024C376}.Release|x64.Deploy.0 = Release|Any CPU
		{CD412796-E2DB-4023-BD1F-74E05024C376}.Release|x86.ActiveCfg = Release|Any CPU
		{CD412796-E2DB-4023-BD1F-74E05024C376}.Release|x86.Build.0 = Release|Any CPU
		{CD412796-E2DB-4023-BD1F-74E05024C376}.Release|x86.Deploy.0 = Release|Any CPU
		{E45D5089-DCC1-4C1A-A662-C9C87E51FA7F}.Ad-Hoc|Any CPU.ActiveCfg = Ad-Hoc|iPhone
		{E45D5089-DCC1-4C1A-A662-C9C87E51FA7F}.Ad-Hoc|ARM.ActiveCfg = Ad-Hoc|iPhone
		{E45D5089-DCC1-4C1A-A662-C9C87E51FA7F}.Ad-Hoc|iPhone.ActiveCfg = Ad-Hoc|iPhone
		{E45D5089-DCC1-4C1A-A662-C9C87E51FA7F}.Ad-Hoc|iPhone.Build.0 = Ad-Hoc|iPhone
		{E45D5089-DCC1-4C1A-A662-C9C87E51FA7F}.Ad-Hoc|iPhoneSimulator.ActiveCfg = Ad-Hoc|iPhoneSimulator
		{E45D5089-DCC1-4C1A-A662-C9C87E51FA7F}.Ad-Hoc|iPhoneSimulator.Build.0 = Ad-Hoc|iPhoneSimulator
		{E45D5089-DCC1-4C1A-A662-C9C87E51FA7F}.Ad-Hoc|x64.ActiveCfg = Ad-Hoc|iPhone
		{E45D5089-DCC1-4C1A-A662-C9C87E51FA7F}.Ad-Hoc|x86.ActiveCfg = Ad-Hoc|iPhone
		{E45D5089-DCC1-4C1A-A662-C9C87E51FA7F}.AppStore|Any CPU.ActiveCfg = AppStore|iPhone
		{E45D5089-DCC1-4C1A-A662-C9C87E51FA7F}.AppStore|ARM.ActiveCfg = AppStore|iPhone
		{E45D5089-DCC1-4C1A-A662-C9C87E51FA7F}.AppStore|iPhone.ActiveCfg = AppStore|iPhone
		{E45D5089-DCC1-4C1A-A662-C9C87E51FA7F}.AppStore|iPhone.Build.0 = AppStore|iPhone
		{E45D5089-DCC1-4C1A-A662-C9C87E51FA7F}.AppStore|iPhoneSimulator.ActiveCfg = AppStore|iPhoneSimulator
		{E45D5089-DCC1-4C1A-A662-C9C87E51FA7F}.AppStore|iPhoneSimulator.Build.0 = AppStore|iPhoneSimulator
		{E45D5089-DCC1-4C1A-A662-C9C87E51FA7F}.AppStore|x64.ActiveCfg = AppStore|iPhone
		{E45D5089-DCC1-4C1A-A662-C9C87E51FA7F}.AppStore|x86.ActiveCfg = AppStore|iPhone
		{E45D5089-DCC1-4C1A-A662-C9C87E51FA7F}.Debug|Any CPU.ActiveCfg = Debug|iPhone
		{E45D5089-DCC1-4C1A-A662-C9C87E51FA7F}.Debug|ARM.ActiveCfg = Debug|iPhone
		{E45D5089-DCC1-4C1A-A662-C9C87E51FA7F}.Debug|iPhone.ActiveCfg = Debug|iPhone
		{E45D5089-DCC1-4C1A-A662-C9C87E51FA7F}.Debug|iPhone.Build.0 = Debug|iPhone
		{E45D5089-DCC1-4C1A-A662-C9C87E51FA7F}.Debug|iPhoneSimulator.ActiveCfg = Debug|iPhoneSimulator
		{E45D5089-DCC1-4C1A-A662-C9C87E51FA7F}.Debug|iPhoneSimulator.Build.0 = Debug|iPhoneSimulator
		{E45D5089-DCC1-4C1A-A662-C9C87E51FA7F}.Debug|x64.ActiveCfg = Debug|iPhone
		{E45D5089-DCC1-4C1A-A662-C9C87E51FA7F}.Debug|x86.ActiveCfg = Debug|iPhone
		{E45D5089-DCC1-4C1A-A662-C9C87E51FA7F}.Release|Any CPU.ActiveCfg = Release|iPhone
		{E45D5089-DCC1-4C1A-A662-C9C87E51FA7F}.Release|ARM.ActiveCfg = Release|iPhone
		{E45D5089-DCC1-4C1A-A662-C9C87E51FA7F}.Release|iPhone.ActiveCfg = Release|iPhone
		{E45D5089-DCC1-4C1A-A662-C9C87E51FA7F}.Release|iPhone.Build.0 = Release|iPhone
		{E45D5089-DCC1-4C1A-A662-C9C87E51FA7F}.Release|iPhoneSimulator.ActiveCfg = Release|iPhoneSimulator
		{E45D5089-DCC1-4C1A-A662-C9C87E51FA7F}.Release|iPhoneSimulator.Build.0 = Release|iPhoneSimulator
		{E45D5089-DCC1-4C1A-A662-C9C87E51FA7F}.Release|x64.ActiveCfg = Release|iPhone
		{E45D5089-DCC1-4C1A-A662-C9C87E51FA7F}.Release|x86.ActiveCfg = Release|iPhone
		{3B425357-8FDA-4BFA-84AB-D3CE1597A000}.Ad-Hoc|Any CPU.ActiveCfg = Release|x86
		{3B425357-8FDA-4BFA-84AB-D3CE1597A000}.Ad-Hoc|Any CPU.Build.0 = Release|x86
		{3B425357-8FDA-4BFA-84AB-D3CE1597A000}.Ad-Hoc|Any CPU.Deploy.0 = Release|x86
		{3B425357-8FDA-4BFA-84AB-D3CE1597A000}.Ad-Hoc|ARM.ActiveCfg = Release|ARM
		{3B425357-8FDA-4BFA-84AB-D3CE1597A000}.Ad-Hoc|ARM.Build.0 = Release|ARM
		{3B425357-8FDA-4BFA-84AB-D3CE1597A000}.Ad-Hoc|ARM.Deploy.0 = Release|ARM
		{3B425357-8FDA-4BFA-84AB-D3CE1597A000}.Ad-Hoc|iPhone.ActiveCfg = Release|x86
		{3B425357-8FDA-4BFA-84AB-D3CE1597A000}.Ad-Hoc|iPhone.Build.0 = Release|x86
		{3B425357-8FDA-4BFA-84AB-D3CE1597A000}.Ad-Hoc|iPhone.Deploy.0 = Release|x86
		{3B425357-8FDA-4BFA-84AB-D3CE1597A000}.Ad-Hoc|iPhoneSimulator.ActiveCfg = Release|x86
		{3B425357-8FDA-4BFA-84AB-D3CE1597A000}.Ad-Hoc|iPhoneSimulator.Build.0 = Release|x86
		{3B425357-8FDA-4BFA-84AB-D3CE1597A000}.Ad-Hoc|iPhoneSimulator.Deploy.0 = Release|x86
		{3B425357-8FDA-4BFA-84AB-D3CE1597A000}.Ad-Hoc|x64.ActiveCfg = Release|x64
		{3B425357-8FDA-4BFA-84AB-D3CE1597A000}.Ad-Hoc|x64.Build.0 = Release|x64
		{3B425357-8FDA-4BFA-84AB-D3CE1597A000}.Ad-Hoc|x64.Deploy.0 = Release|x64
		{3B425357-8FDA-4BFA-84AB-D3CE1597A000}.Ad-Hoc|x86.ActiveCfg = Release|x86
		{3B425357-8FDA-4BFA-84AB-D3CE1597A000}.Ad-Hoc|x86.Build.0 = Release|x86
		{3B425357-8FDA-4BFA-84AB-D3CE1597A000}.Ad-Hoc|x86.Deploy.0 = Release|x86
		{3B425357-8FDA-4BFA-84AB-D3CE1597A000}.AppStore|Any CPU.ActiveCfg = Release|x86
		{3B425357-8FDA-4BFA-84AB-D3CE1597A000}.AppStore|Any CPU.Build.0 = Release|x86
		{3B425357-8FDA-4BFA-84AB-D3CE1597A000}.AppStore|Any CPU.Deploy.0 = Release|x86
		{3B425357-8FDA-4BFA-84AB-D3CE1597A000}.AppStore|ARM.ActiveCfg = Release|ARM
		{3B425357-8FDA-4BFA-84AB-D3CE1597A000}.AppStore|ARM.Build.0 = Release|ARM
		{3B425357-8FDA-4BFA-84AB-D3CE1597A000}.AppStore|ARM.Deploy.0 = Release|ARM
		{3B425357-8FDA-4BFA-84AB-D3CE1597A000}.AppStore|iPhone.ActiveCfg = Release|x86
		{3B425357-8FDA-4BFA-84AB-D3CE1597A000}.AppStore|iPhone.Build.0 = Release|x86
		{3B425357-8FDA-4BFA-84AB-D3CE1597A000}.AppStore|iPhone.Deploy.0 = Release|x86
		{3B425357-8FDA-4BFA-84AB-D3CE1597A000}.AppStore|iPhoneSimulator.ActiveCfg = Release|x86
		{3B425357-8FDA-4BFA-84AB-D3CE1597A000}.AppStore|iPhoneSimulator.Build.0 = Release|x86
		{3B425357-8FDA-4BFA-84AB-D3CE1597A000}.AppStore|iPhoneSimulator.Deploy.0 = Release|x86
		{3B425357-8FDA-4BFA-84AB-D3CE1597A000}.AppStore|x64.ActiveCfg = Release|x64
		{3B425357-8FDA-4BFA-84AB-D3CE1597A000}.AppStore|x64.Build.0 = Release|x64
		{3B425357-8FDA-4BFA-84AB-D3CE1597A000}.AppStore|x64.Deploy.0 = Release|x64
		{3B425357-8FDA-4BFA-84AB-D3CE1597A000}.AppStore|x86.ActiveCfg = Release|x86
		{3B425357-8FDA-4BFA-84AB-D3CE1597A000}.AppStore|x86.Build.0 = Release|x86
		{3B425357-8FDA-4BFA-84AB-D3CE1597A000}.AppStore|x86.Deploy.0 = Release|x86
		{3B425357-8FDA-4BFA-84AB-D3CE1597A000}.Debug|Any CPU.ActiveCfg = Debug|x86
		{3B425357-8FDA-4BFA-84AB-D3CE1597A000}.Debug|ARM.ActiveCfg = Debug|ARM
		{3B425357-8FDA-4BFA-84AB-D3CE1597A000}.Debug|ARM.Build.0 = Debug|ARM
		{3B425357-8FDA-4BFA-84AB-D3CE1597A000}.Debug|ARM.Deploy.0 = Debug|ARM
		{3B425357-8FDA-4BFA-84AB-D3CE1597A000}.Debug|iPhone.ActiveCfg = Debug|x86
		{3B425357-8FDA-4BFA-84AB-D3CE1597A000}.Debug|iPhoneSimulator.ActiveCfg = Debug|x86
		{3B425357-8FDA-4BFA-84AB-D3CE1597A000}.Debug|x64.ActiveCfg = Debug|x64
		{3B425357-8FDA-4BFA-84AB-D3CE1597A000}.Debug|x64.Build.0 = Debug|x64
		{3B425357-8FDA-4BFA-84AB-D3CE1597A000}.Debug|x64.Deploy.0 = Debug|x64
		{3B425357-8FDA-4BFA-84AB-D3CE1597A000}.Debug|x86.ActiveCfg = Debug|x86
		{3B425357-8FDA-4BFA-84AB-D3CE1597A000}.Debug|x86.Build.0 = Debug|x86
		{3B425357-8FDA-4BFA-84AB-D3CE1597A000}.Debug|x86.Deploy.0 = Debug|x86
		{3B425357-8FDA-4BFA-84AB-D3CE1597A000}.Release|Any CPU.ActiveCfg = Release|x86
		{3B425357-8FDA-4BFA-84AB-D3CE1597A000}.Release|ARM.ActiveCfg = Release|ARM
		{3B425357-8FDA-4BFA-84AB-D3CE1597A000}.Release|ARM.Build.0 = Release|ARM
		{3B425357-8FDA-4BFA-84AB-D3CE1597A000}.Release|ARM.Deploy.0 = Release|ARM
		{3B425357-8FDA-4BFA-84AB-D3CE1597A000}.Release|iPhone.ActiveCfg = Release|x86
		{3B425357-8FDA-4BFA-84AB-D3CE1597A000}.Release|iPhoneSimulator.ActiveCfg = Release|x86
		{3B425357-8FDA-4BFA-84AB-D3CE1597A000}.Release|x64.ActiveCfg = Release|x64
		{3B425357-8FDA-4BFA-84AB-D3CE1597A000}.Release|x64.Build.0 = Release|x64
		{3B425357-8FDA-4BFA-84AB-D3CE1597A000}.Release|x64.Deploy.0 = Release|x64
		{3B425357-8FDA-4BFA-84AB-D3CE1597A000}.Release|x86.ActiveCfg = Release|x86
		{3B425357-8FDA-4BFA-84AB-D3CE1597A000}.Release|x86.Build.0 = Release|x86
		{3B425357-8FDA-4BFA-84AB-D3CE1597A000}.Release|x86.Deploy.0 = Release|x86
	EndGlobalSection
	GlobalSection(SolutionProperties) = preSolution
		HideSolutionNode = FALSE
	EndGlobalSection
EndGlobal
